Microsoft Visual Studio Solution File, Format Version 11.00
# Visual Studio 2010
Project("{8BC9CEB8-8B4A-11D0-8D11-00A0C91BC942}") = "testblock", "dlltest\testblock\testblock.vcxproj", "{1FF48F83-4A72-4182-9369-DE2AEA0546AB}"
EndProject
Project("{8BC9CEB8-8B4A-11D0-8D11-00A0C91BC942}") = "testbspline", "dlltest\testbspline\testbspline.vcxproj", "{FB831DC1-628F-4291-8469-EFBBCDF6AEB5}"
EndProject
Project("{8BC9CEB8-8B4A-11D0-8D11-00A0C91BC942}") = "testcblas", "dlltest\testcblas\testcblas.vcxproj", "{1E64DA83-2F18-40A5-A741-8385CD53C530}"
EndProject
Project("{8BC9CEB8-8B4A-11D0-8D11-00A0C91BC942}") = "testcdf", "dlltest\testcdf\testcdf.vcxproj", "{8D37CDE1-AB98-4049-ADC9-B4A1CB3EF58D}"
EndProject
Project("{8BC9CEB8-8B4A-11D0-8D11-00A0C91BC942}") = "testcheb", "dlltest\testcheb\testcheb.vcxproj", "{953A1C71-C9A6-4FCA-B13B-ED0E056849D7}"
EndProject
Project("{8BC9CEB8-8B4A-11D0-8D11-00A0C91BC942}") = "testcombination", "dlltest\testcombination\testcombination.vcxproj", "{2CBEE1A9-D591-45FA-9D8A-8A4EBF0208CF}"
EndProject
Project("{8BC9CEB8-8B4A-11D0-8D11-00A0C91BC942}") = "testcomplex", "dlltest\testcomplex\testcomplex.vcxproj", "{7F906B7F-400A-447F-80FA-EA1548CBA785}"
EndProject
Project("{8BC9CEB8-8B4A-11D0-8D11-00A0C91BC942}") = "testconst", "dlltest\testconst\testconst.vcxproj", "{E1AB46EE-2E3C-48E7-907B-51830F692FA4}"
EndProject
Project("{8BC9CEB8-8B4A-11D0-8D11-00A0C91BC942}") = "testderiv", "dlltest\testderiv\testderiv.vcxproj", "{D45FEF28-CE8E-4A28-BE15-E86F802C6F9E}"
EndProject
Project("{8BC9CEB8-8B4A-11D0-8D11-00A0C91BC942}") = "testdht", "dlltest\testdht\testdht.vcxproj", "{CAA55B12-F0AE-4A4E-AA9D-53B4D2B4BCBF}"
EndProject
Project("{8BC9CEB8-8B4A-11D0-8D11-00A0C91BC942}") = "testdiff", "dlltest\testdiff\testdiff.vcxproj", "{3E4F26A4-63FC-4D8B-874A-6C806DB6CCAE}"
EndProject
Project("{8BC9CEB8-8B4A-11D0-8D11-00A0C91BC942}") = "testeigen", "dlltest\testeigen\testeigen.vcxproj", "{B2CF7503-638B-4CF4-BAC1-F797323C4AC3}"
EndProject
Project("{8BC9CEB8-8B4A-11D0-8D11-00A0C91BC942}") = "testerr", "dlltest\testerr\testerr.vcxproj", "{0DBA3E4B-512F-49A5-ABFE-E758DD47484C}"
EndProject
Project("{8BC9CEB8-8B4A-11D0-8D11-00A0C91BC942}") = "testfft", "dlltest\testfft\testfft.vcxproj", "{0D8794FD-7F8F-4E70-9D3F-9ACC5529FFAD}"
EndProject
Project("{8BC9CEB8-8B4A-11D0-8D11-00A0C91BC942}") = "testhistogram", "dlltest\testhistogram\testhistogram.vcxproj", "{CBBACEAA-37FD-49B7-84D9-C5D01BFD7272}"
EndProject
Project("{8BC9CEB8-8B4A-11D0-8D11-00A0C91BC942}") = "testieee", "dlltest\testieee\testieee.vcxproj", "{7C60F7C6-8D1C-44CA-ABC3-6919C125284C}"
EndProject
Project("{8BC9CEB8-8B4A-11D0-8D11-00A0C91BC942}") = "testintegration", "dlltest\testintegration\testintegration.vcxproj", "{41F59914-2522-4EEB-8E44-DC531A49B593}"
EndProject
Project("{8BC9CEB8-8B4A-11D0-8D11-00A0C91BC942}") = "testinterpolation", "dlltest\testinterpolation\testinterpolation.vcxproj", "{ABC0CAC1-C884-47F3-9053-A4948B661383}"
EndProject
Project("{8BC9CEB8-8B4A-11D0-8D11-00A0C91BC942}") = "testlinalg", "dlltest\testlinalg\testlinalg.vcxproj", "{E3B37C14-FE6C-40CB-8B11-2DB6B239D475}"
EndProject
Project("{8BC9CEB8-8B4A-11D0-8D11-00A0C91BC942}") = "testmatrix", "dlltest\testmatrix\testmatrix.vcxproj", "{EC149917-BA6B-4F55-AC17-9299471D883F}"
EndProject
Project("{8BC9CEB8-8B4A-11D0-8D11-00A0C91BC942}") = "testmin", "dlltest\testmin\testmin.vcxproj", "{16FFD4D1-FCF7-4AED-AF77-4D672E680E25}"
EndProject
Project("{8BC9CEB8-8B4A-11D0-8D11-00A0C91BC942}") = "testmonte", "dlltest\testmonte\testmonte.vcxproj", "{25D931A6-4308-4A51-8FFE-2D898E309325}"
EndProject
Project("{8BC9CEB8-8B4A-11D0-8D11-00A0C91BC942}") = "testmultifit", "dlltest\testmultifit\testmultifit.vcxproj", "{18610BDA-6BA4-449F-B145-644B334C6E7F}"
EndProject
Project("{8BC9CEB8-8B4A-11D0-8D11-00A0C91BC942}") = "testmultimin", "dlltest\testmultimin\testmultimin.vcxproj", "{76B6718E-F7C1-4197-B2AC-BB8C7F050807}"
EndProject
Project("{8BC9CEB8-8B4A-11D0-8D11-00A0C91BC942}") = "testmultiroots", "dlltest\testmultiroots\testmultiroots.vcxproj", "{D08A9656-333D-44C4-914B-790C799ED9EC}"
EndProject
Project("{8BC9CEB8-8B4A-11D0-8D11-00A0C91BC942}") = "testntuple", "dlltest\testntuple\testntuple.vcxproj", "{C0F5677C-14C6-47E0-9F24-691085BA8441}"
EndProject
Project("{8BC9CEB8-8B4A-11D0-8D11-00A0C91BC942}") = "testode", "dlltest\testode\testode.vcxproj", "{78FA7611-BF24-48A2-BA8C-616B4B32C815}"
EndProject
Project("{8BC9CEB8-8B4A-11D0-8D11-00A0C91BC942}") = "testpermutation", "dlltest\testpermutation\testpermutation.vcxproj", "{FB202E20-B785-4F5C-8C2A-DE231445CFF8}"
EndProject
Project("{8BC9CEB8-8B4A-11D0-8D11-00A0C91BC942}") = "testpoly", "dlltest\testpoly\testpoly.vcxproj", "{2669E1A2-FA25-4DB2-976F-466FAF62B892}"
EndProject
Project("{8BC9CEB8-8B4A-11D0-8D11-00A0C91BC942}") = "testqrng", "dlltest\testqrng\testqrng.vcxproj", "{998E7677-095E-4EAC-BA1D-297CACF7A775}"
EndProject
Project("{8BC9CEB8-8B4A-11D0-8D11-00A0C91BC942}") = "testrandist", "dlltest\testrandist\testrandist.vcxproj", "{A300DA42-F9B2-405E-A367-42939F957CFE}"
EndProject
Project("{8BC9CEB8-8B4A-11D0-8D11-00A0C91BC942}") = "testrng", "dlltest\testrng\testrng.vcxproj", "{E07576D3-7363-4525-B80C-216457A073AF}"
EndProject
Project("{8BC9CEB8-8B4A-11D0-8D11-00A0C91BC942}") = "testroots", "dlltest\testroots\testroots.vcxproj", "{6542C984-3158-4098-A0F2-EEB3E8334ADB}"
EndProject
Project("{8BC9CEB8-8B4A-11D0-8D11-00A0C91BC942}") = "testsiman", "dlltest\testsiman\testsiman.vcxproj", "{B6DCAEB6-9AAE-4401-A3D0-9BB19E0BCD19}"
EndProject
Project("{8BC9CEB8-8B4A-11D0-8D11-00A0C91BC942}") = "testsort", "dlltest\testsort\testsort.vcxproj", "{780DA973-866C-4327-B555-CD2116F8AC64}"
EndProject
Project("{8BC9CEB8-8B4A-11D0-8D11-00A0C91BC942}") = "testspecfunc", "dlltest\testspecfunc\testspecfunc.vcxproj", "{A8B15FD8-A9FA-46FD-9C40-99B42CF2354D}"
EndProject
Project("{8BC9CEB8-8B4A-11D0-8D11-00A0C91BC942}") = "testsum", "dlltest\testsum\testsum.vcxproj", "{1971C868-40B7-44A0-9B54-955AB80C65C2}"
EndProject
Project("{8BC9CEB8-8B4A-11D0-8D11-00A0C91BC942}") = "testsys", "dlltest\testsys\testsys.vcxproj", "{3DEDCB73-AA8C-4915-9850-0C734C01A19D}"
EndProject
Project("{8BC9CEB8-8B4A-11D0-8D11-00A0C91BC942}") = "testvector", "dlltest\testvector\testvector.vcxproj", "{A1B474E0-CBAE-4616-B60B-E2D8E0ADC889}"
EndProject
Project("{8BC9CEB8-8B4A-11D0-8D11-00A0C91BC942}") = "testwavelet", "dlltest\testwavelet\testwavelet.vcxproj", "{F0BFCD9C-B542-4FF1-917D-83982AD22EB8}"
EndProject
Project("{8BC9CEB8-8B4A-11D0-8D11-00A0C91BC942}") = "testfit", "dlltest\testfit\testfit.vcxproj", "{774E1DDA-E4F3-4CF4-B907-F02A2EF312BF}"
EndProject
Project("{8BC9CEB8-8B4A-11D0-8D11-00A0C91BC942}") = "teststatistics", "dlltest\teststatistics\teststatistics.vcxproj", "{7BE8CE48-39A9-4D9C-80CF-425BA04BB356}"
EndProject
Project("{8BC9CEB8-8B4A-11D0-8D11-00A0C91BC942}") = "testmultiset", "dlltest\testmultiset\testmultiset.vcxproj", "{6ECD71E1-AE22-4B31-8007-6A601957C01C}"
EndProject
Project("{8BC9CEB8-8B4A-11D0-8D11-00A0C91BC942}") = "testode2", "dlltest\testode2\testode2.vcxproj", "{CD3DC2AF-B7DA-413A-A054-30919E09CA55}"
EndProject
Global
	GlobalSection(SolutionConfigurationPlatforms) = preSolution
		Debug|Win32 = Debug|Win32
		Debug|x64 = Debug|x64
		Release|Win32 = Release|Win32
		Release|x64 = Release|x64
	EndGlobalSection
	GlobalSection(ProjectConfigurationPlatforms) = postSolution
		{1FF48F83-4A72-4182-9369-DE2AEA0546AB}.Debug|Win32.ActiveCfg = Debug|Win32
		{1FF48F83-4A72-4182-9369-DE2AEA0546AB}.Debug|Win32.Build.0 = Debug|Win32
		{1FF48F83-4A72-4182-9369-DE2AEA0546AB}.Debug|x64.ActiveCfg = Debug|x64
		{1FF48F83-4A72-4182-9369-DE2AEA0546AB}.Debug|x64.Build.0 = Debug|x64
		{1FF48F83-4A72-4182-9369-DE2AEA0546AB}.Release|Win32.ActiveCfg = Release|Win32
		{1FF48F83-4A72-4182-9369-DE2AEA0546AB}.Release|Win32.Build.0 = Release|Win32
		{1FF48F83-4A72-4182-9369-DE2AEA0546AB}.Release|x64.ActiveCfg = Release|x64
		{1FF48F83-4A72-4182-9369-DE2AEA0546AB}.Release|x64.Build.0 = Release|x64
		{FB831DC1-628F-4291-8469-EFBBCDF6AEB5}.Debug|Win32.ActiveCfg = Debug|Win32
		{FB831DC1-628F-4291-8469-EFBBCDF6AEB5}.Debug|Win32.Build.0 = Debug|Win32
		{FB831DC1-628F-4291-8469-EFBBCDF6AEB5}.Debug|x64.ActiveCfg = Debug|x64
		{FB831DC1-628F-4291-8469-EFBBCDF6AEB5}.Debug|x64.Build.0 = Debug|x64
		{FB831DC1-628F-4291-8469-EFBBCDF6AEB5}.Release|Win32.ActiveCfg = Release|Win32
		{FB831DC1-628F-4291-8469-EFBBCDF6AEB5}.Release|Win32.Build.0 = Release|Win32
		{FB831DC1-628F-4291-8469-EFBBCDF6AEB5}.Release|x64.ActiveCfg = Release|x64
		{FB831DC1-628F-4291-8469-EFBBCDF6AEB5}.Release|x64.Build.0 = Release|x64
		{1E64DA83-2F18-40A5-A741-8385CD53C530}.Debug|Win32.ActiveCfg = Debug|Win32
		{1E64DA83-2F18-40A5-A741-8385CD53C530}.Debug|Win32.Build.0 = Debug|Win32
		{1E64DA83-2F18-40A5-A741-8385CD53C530}.Debug|x64.ActiveCfg = Debug|x64
		{1E64DA83-2F18-40A5-A741-8385CD53C530}.Debug|x64.Build.0 = Debug|x64
		{1E64DA83-2F18-40A5-A741-8385CD53C530}.Release|Win32.ActiveCfg = Release|Win32
		{1E64DA83-2F18-40A5-A741-8385CD53C530}.Release|Win32.Build.0 = Release|Win32
		{1E64DA83-2F18-40A5-A741-8385CD53C530}.Release|x64.ActiveCfg = Release|x64
		{1E64DA83-2F18-40A5-A741-8385CD53C530}.Release|x64.Build.0 = Release|x64
		{8D37CDE1-AB98-4049-ADC9-B4A1CB3EF58D}.Debug|Win32.ActiveCfg = Debug|Win32
		{8D37CDE1-AB98-4049-ADC9-B4A1CB3EF58D}.Debug|Win32.Build.0 = Debug|Win32
		{8D37CDE1-AB98-4049-ADC9-B4A1CB3EF58D}.Debug|x64.ActiveCfg = Debug|x64
		{8D37CDE1-AB98-4049-ADC9-B4A1CB3EF58D}.Debug|x64.Build.0 = Debug|x64
		{8D37CDE1-AB98-4049-ADC9-B4A1CB3EF58D}.Release|Win32.ActiveCfg = Release|Win32
		{8D37CDE1-AB98-4049-ADC9-B4A1CB3EF58D}.Release|Win32.Build.0 = Release|Win32
		{8D37CDE1-AB98-4049-ADC9-B4A1CB3EF58D}.Release|x64.ActiveCfg = Release|x64
		{8D37CDE1-AB98-4049-ADC9-B4A1CB3EF58D}.Release|x64.Build.0 = Release|x64
		{953A1C71-C9A6-4FCA-B13B-ED0E056849D7}.Debug|Win32.ActiveCfg = Debug|Win32
		{953A1C71-C9A6-4FCA-B13B-ED0E056849D7}.Debug|Win32.Build.0 = Debug|Win32
		{953A1C71-C9A6-4FCA-B13B-ED0E056849D7}.Debug|x64.ActiveCfg = Debug|x64
		{953A1C71-C9A6-4FCA-B13B-ED0E056849D7}.Debug|x64.Build.0 = Debug|x64
		{953A1C71-C9A6-4FCA-B13B-ED0E056849D7}.Release|Win32.ActiveCfg = Release|Win32
		{953A1C71-C9A6-4FCA-B13B-ED0E056849D7}.Release|Win32.Build.0 = Release|Win32
		{953A1C71-C9A6-4FCA-B13B-ED0E056849D7}.Release|x64.ActiveCfg = Release|x64
		{953A1C71-C9A6-4FCA-B13B-ED0E056849D7}.Release|x64.Build.0 = Release|x64
		{2CBEE1A9-D591-45FA-9D8A-8A4EBF0208CF}.Debug|Win32.ActiveCfg = Debug|Win32
		{2CBEE1A9-D591-45FA-9D8A-8A4EBF0208CF}.Debug|Win32.Build.0 = Debug|Win32
		{2CBEE1A9-D591-45FA-9D8A-8A4EBF0208CF}.Debug|x64.ActiveCfg = Debug|x64
		{2CBEE1A9-D591-45FA-9D8A-8A4EBF0208CF}.Debug|x64.Build.0 = Debug|x64
		{2CBEE1A9-D591-45FA-9D8A-8A4EBF0208CF}.Release|Win32.ActiveCfg = Release|Win32
		{2CBEE1A9-D591-45FA-9D8A-8A4EBF0208CF}.Release|Win32.Build.0 = Release|Win32
		{2CBEE1A9-D591-45FA-9D8A-8A4EBF0208CF}.Release|x64.ActiveCfg = Release|x64
		{2CBEE1A9-D591-45FA-9D8A-8A4EBF0208CF}.Release|x64.Build.0 = Release|x64
		{7F906B7F-400A-447F-80FA-EA1548CBA785}.Debug|Win32.ActiveCfg = Debug|Win32
		{7F906B7F-400A-447F-80FA-EA1548CBA785}.Debug|Win32.Build.0 = Debug|Win32
		{7F906B7F-400A-447F-80FA-EA1548CBA785}.Debug|x64.ActiveCfg = Debug|x64
		{7F906B7F-400A-447F-80FA-EA1548CBA785}.Debug|x64.Build.0 = Debug|x64
		{7F906B7F-400A-447F-80FA-EA1548CBA785}.Release|Win32.ActiveCfg = Release|Win32
		{7F906B7F-400A-447F-80FA-EA1548CBA785}.Release|Win32.Build.0 = Release|Win32
		{7F906B7F-400A-447F-80FA-EA1548CBA785}.Release|x64.ActiveCfg = Release|x64
		{7F906B7F-400A-447F-80FA-EA1548CBA785}.Release|x64.Build.0 = Release|x64
		{E1AB46EE-2E3C-48E7-907B-51830F692FA4}.Debug|Win32.ActiveCfg = Debug|Win32
		{E1AB46EE-2E3C-48E7-907B-51830F692FA4}.Debug|Win32.Build.0 = Debug|Win32
		{E1AB46EE-2E3C-48E7-907B-51830F692FA4}.Debug|x64.ActiveCfg = Debug|x64
		{E1AB46EE-2E3C-48E7-907B-51830F692FA4}.Debug|x64.Build.0 = Debug|x64
		{E1AB46EE-2E3C-48E7-907B-51830F692FA4}.Release|Win32.ActiveCfg = Release|Win32
		{E1AB46EE-2E3C-48E7-907B-51830F692FA4}.Release|Win32.Build.0 = Release|Win32
		{E1AB46EE-2E3C-48E7-907B-51830F692FA4}.Release|x64.ActiveCfg = Release|x64
		{E1AB46EE-2E3C-48E7-907B-51830F692FA4}.Release|x64.Build.0 = Release|x64
		{D45FEF28-CE8E-4A28-BE15-E86F802C6F9E}.Debug|Win32.ActiveCfg = Debug|Win32
		{D45FEF28-CE8E-4A28-BE15-E86F802C6F9E}.Debug|Win32.Build.0 = Debug|Win32
		{D45FEF28-CE8E-4A28-BE15-E86F802C6F9E}.Debug|x64.ActiveCfg = Debug|x64
		{D45FEF28-CE8E-4A28-BE15-E86F802C6F9E}.Debug|x64.Build.0 = Debug|x64
		{D45FEF28-CE8E-4A28-BE15-E86F802C6F9E}.Release|Win32.ActiveCfg = Release|Win32
		{D45FEF28-CE8E-4A28-BE15-E86F802C6F9E}.Release|Win32.Build.0 = Release|Win32
		{D45FEF28-CE8E-4A28-BE15-E86F802C6F9E}.Release|x64.ActiveCfg = Release|x64
		{D45FEF28-CE8E-4A28-BE15-E86F802C6F9E}.Release|x64.Build.0 = Release|x64
		{CAA55B12-F0AE-4A4E-AA9D-53B4D2B4BCBF}.Debug|Win32.ActiveCfg = Debug|Win32
		{CAA55B12-F0AE-4A4E-AA9D-53B4D2B4BCBF}.Debug|Win32.Build.0 = Debug|Win32
		{CAA55B12-F0AE-4A4E-AA9D-53B4D2B4BCBF}.Debug|x64.ActiveCfg = Debug|x64
		{CAA55B12-F0AE-4A4E-AA9D-53B4D2B4BCBF}.Debug|x64.Build.0 = Debug|x64
		{CAA55B12-F0AE-4A4E-AA9D-53B4D2B4BCBF}.Release|Win32.ActiveCfg = Release|Win32
		{CAA55B12-F0AE-4A4E-AA9D-53B4D2B4BCBF}.Release|Win32.Build.0 = Release|Win32
		{CAA55B12-F0AE-4A4E-AA9D-53B4D2B4BCBF}.Release|x64.ActiveCfg = Release|x64
		{CAA55B12-F0AE-4A4E-AA9D-53B4D2B4BCBF}.Release|x64.Build.0 = Release|x64
		{3E4F26A4-63FC-4D8B-874A-6C806DB6CCAE}.Debug|Win32.ActiveCfg = Debug|Win32
		{3E4F26A4-63FC-4D8B-874A-6C806DB6CCAE}.Debug|Win32.Build.0 = Debug|Win32
		{3E4F26A4-63FC-4D8B-874A-6C806DB6CCAE}.Debug|x64.ActiveCfg = Debug|x64
		{3E4F26A4-63FC-4D8B-874A-6C806DB6CCAE}.Debug|x64.Build.0 = Debug|x64
		{3E4F26A4-63FC-4D8B-874A-6C806DB6CCAE}.Release|Win32.ActiveCfg = Release|Win32
		{3E4F26A4-63FC-4D8B-874A-6C806DB6CCAE}.Release|Win32.Build.0 = Release|Win32
		{3E4F26A4-63FC-4D8B-874A-6C806DB6CCAE}.Release|x64.ActiveCfg = Release|x64
		{3E4F26A4-63FC-4D8B-874A-6C806DB6CCAE}.Release|x64.Build.0 = Release|x64
		{B2CF7503-638B-4CF4-BAC1-F797323C4AC3}.Debug|Win32.ActiveCfg = Debug|Win32
		{B2CF7503-638B-4CF4-BAC1-F797323C4AC3}.Debug|Win32.Build.0 = Debug|Win32
		{B2CF7503-638B-4CF4-BAC1-F797323C4AC3}.Debug|x64.ActiveCfg = Debug|x64
		{B2CF7503-638B-4CF4-BAC1-F797323C4AC3}.Debug|x64.Build.0 = Debug|x64
		{B2CF7503-638B-4CF4-BAC1-F797323C4AC3}.Release|Win32.ActiveCfg = Release|Win32
		{B2CF7503-638B-4CF4-BAC1-F797323C4AC3}.Release|Win32.Build.0 = Release|Win32
		{B2CF7503-638B-4CF4-BAC1-F797323C4AC3}.Release|x64.ActiveCfg = Release|x64
		{B2CF7503-638B-4CF4-BAC1-F797323C4AC3}.Release|x64.Build.0 = Release|x64
		{0DBA3E4B-512F-49A5-ABFE-E758DD47484C}.Debug|Win32.ActiveCfg = Debug|Win32
		{0DBA3E4B-512F-49A5-ABFE-E758DD47484C}.Debug|Win32.Build.0 = Debug|Win32
		{0DBA3E4B-512F-49A5-ABFE-E758DD47484C}.Debug|x64.ActiveCfg = Debug|x64
		{0DBA3E4B-512F-49A5-ABFE-E758DD47484C}.Debug|x64.Build.0 = Debug|x64
		{0DBA3E4B-512F-49A5-ABFE-E758DD47484C}.Release|Win32.ActiveCfg = Release|Win32
		{0DBA3E4B-512F-49A5-ABFE-E758DD47484C}.Release|Win32.Build.0 = Release|Win32
		{0DBA3E4B-512F-49A5-ABFE-E758DD47484C}.Release|x64.ActiveCfg = Release|x64
		{0DBA3E4B-512F-49A5-ABFE-E758DD47484C}.Release|x64.Build.0 = Release|x64
		{0D8794FD-7F8F-4E70-9D3F-9ACC5529FFAD}.Debug|Win32.ActiveCfg = Debug|Win32
		{0D8794FD-7F8F-4E70-9D3F-9ACC5529FFAD}.Debug|Win32.Build.0 = Debug|Win32
		{0D8794FD-7F8F-4E70-9D3F-9ACC5529FFAD}.Debug|x64.ActiveCfg = Debug|x64
		{0D8794FD-7F8F-4E70-9D3F-9ACC5529FFAD}.Debug|x64.Build.0 = Debug|x64
		{0D8794FD-7F8F-4E70-9D3F-9ACC5529FFAD}.Release|Win32.ActiveCfg = Release|Win32
		{0D8794FD-7F8F-4E70-9D3F-9ACC5529FFAD}.Release|Win32.Build.0 = Release|Win32
		{0D8794FD-7F8F-4E70-9D3F-9ACC5529FFAD}.Release|x64.ActiveCfg = Release|x64
		{0D8794FD-7F8F-4E70-9D3F-9ACC5529FFAD}.Release|x64.Build.0 = Release|x64
		{CBBACEAA-37FD-49B7-84D9-C5D01BFD7272}.Debug|Win32.ActiveCfg = Debug|Win32
		{CBBACEAA-37FD-49B7-84D9-C5D01BFD7272}.Debug|Win32.Build.0 = Debug|Win32
		{CBBACEAA-37FD-49B7-84D9-C5D01BFD7272}.Debug|x64.ActiveCfg = Debug|x64
		{CBBACEAA-37FD-49B7-84D9-C5D01BFD7272}.Debug|x64.Build.0 = Debug|x64
		{CBBACEAA-37FD-49B7-84D9-C5D01BFD7272}.Release|Win32.ActiveCfg = Release|Win32
		{CBBACEAA-37FD-49B7-84D9-C5D01BFD7272}.Release|Win32.Build.0 = Release|Win32
		{CBBACEAA-37FD-49B7-84D9-C5D01BFD7272}.Release|x64.ActiveCfg = Release|x64
		{CBBACEAA-37FD-49B7-84D9-C5D01BFD7272}.Release|x64.Build.0 = Release|x64
		{7C60F7C6-8D1C-44CA-ABC3-6919C125284C}.Debug|Win32.ActiveCfg = Debug|Win32
		{7C60F7C6-8D1C-44CA-ABC3-6919C125284C}.Debug|Win32.Build.0 = Debug|Win32
		{7C60F7C6-8D1C-44CA-ABC3-6919C125284C}.Debug|x64.ActiveCfg = Debug|x64
		{7C60F7C6-8D1C-44CA-ABC3-6919C125284C}.Debug|x64.Build.0 = Debug|x64
		{7C60F7C6-8D1C-44CA-ABC3-6919C125284C}.Release|Win32.ActiveCfg = Release|Win32
		{7C60F7C6-8D1C-44CA-ABC3-6919C125284C}.Release|Win32.Build.0 = Release|Win32
		{7C60F7C6-8D1C-44CA-ABC3-6919C125284C}.Release|x64.ActiveCfg = Release|x64
		{7C60F7C6-8D1C-44CA-ABC3-6919C125284C}.Release|x64.Build.0 = Release|x64
		{41F59914-2522-4EEB-8E44-DC531A49B593}.Debug|Win32.ActiveCfg = Debug|Win32
		{41F59914-2522-4EEB-8E44-DC531A49B593}.Debug|Win32.Build.0 = Debug|Win32
		{41F59914-2522-4EEB-8E44-DC531A49B593}.Debug|x64.ActiveCfg = Debug|x64
		{41F59914-2522-4EEB-8E44-DC531A49B593}.Debug|x64.Build.0 = Debug|x64
		{41F59914-2522-4EEB-8E44-DC531A49B593}.Release|Win32.ActiveCfg = Release|Win32
		{41F59914-2522-4EEB-8E44-DC531A49B593}.Release|Win32.Build.0 = Release|Win32
		{41F59914-2522-4EEB-8E44-DC531A49B593}.Release|x64.ActiveCfg = Release|x64
		{41F59914-2522-4EEB-8E44-DC531A49B593}.Release|x64.Build.0 = Release|x64
		{ABC0CAC1-C884-47F3-9053-A4948B661383}.Debug|Win32.ActiveCfg = Debug|Win32
		{ABC0CAC1-C884-47F3-9053-A4948B661383}.Debug|Win32.Build.0 = Debug|Win32
		{ABC0CAC1-C884-47F3-9053-A4948B661383}.Debug|x64.ActiveCfg = Debug|x64
		{ABC0CAC1-C884-47F3-9053-A4948B661383}.Debug|x64.Build.0 = Debug|x64
		{ABC0CAC1-C884-47F3-9053-A4948B661383}.Release|Win32.ActiveCfg = Release|Win32
		{ABC0CAC1-C884-47F3-9053-A4948B661383}.Release|Win32.Build.0 = Release|Win32
		{ABC0CAC1-C884-47F3-9053-A4948B661383}.Release|x64.ActiveCfg = Release|x64
		{ABC0CAC1-C884-47F3-9053-A4948B661383}.Release|x64.Build.0 = Release|x64
		{E3B37C14-FE6C-40CB-8B11-2DB6B239D475}.Debug|Win32.ActiveCfg = Debug|Win32
		{E3B37C14-FE6C-40CB-8B11-2DB6B239D475}.Debug|Win32.Build.0 = Debug|Win32
		{E3B37C14-FE6C-40CB-8B11-2DB6B239D475}.Debug|x64.ActiveCfg = Debug|x64
		{E3B37C14-FE6C-40CB-8B11-2DB6B239D475}.Debug|x64.Build.0 = Debug|x64
		{E3B37C14-FE6C-40CB-8B11-2DB6B239D475}.Release|Win32.ActiveCfg = Release|Win32
		{E3B37C14-FE6C-40CB-8B11-2DB6B239D475}.Release|Win32.Build.0 = Release|Win32
		{E3B37C14-FE6C-40CB-8B11-2DB6B239D475}.Release|x64.ActiveCfg = Release|x64
		{E3B37C14-FE6C-40CB-8B11-2DB6B239D475}.Release|x64.Build.0 = Release|x64
		{EC149917-BA6B-4F55-AC17-9299471D883F}.Debug|Win32.ActiveCfg = Debug|Win32
		{EC149917-BA6B-4F55-AC17-9299471D883F}.Debug|Win32.Build.0 = Debug|Win32
		{EC149917-BA6B-4F55-AC17-9299471D883F}.Debug|x64.ActiveCfg = Debug|x64
		{EC149917-BA6B-4F55-AC17-9299471D883F}.Debug|x64.Build.0 = Debug|x64
		{EC149917-BA6B-4F55-AC17-9299471D883F}.Release|Win32.ActiveCfg = Release|Win32
		{EC149917-BA6B-4F55-AC17-9299471D883F}.Release|Win32.Build.0 = Release|Win32
		{EC149917-BA6B-4F55-AC17-9299471D883F}.Release|x64.ActiveCfg = Release|x64
		{EC149917-BA6B-4F55-AC17-9299471D883F}.Release|x64.Build.0 = Release|x64
		{16FFD4D1-FCF7-4AED-AF77-4D672E680E25}.Debug|Win32.ActiveCfg = Debug|Win32
		{16FFD4D1-FCF7-4AED-AF77-4D672E680E25}.Debug|Win32.Build.0 = Debug|Win32
		{16FFD4D1-FCF7-4AED-AF77-4D672E680E25}.Debug|x64.ActiveCfg = Debug|x64
		{16FFD4D1-FCF7-4AED-AF77-4D672E680E25}.Debug|x64.Build.0 = Debug|x64
		{16FFD4D1-FCF7-4AED-AF77-4D672E680E25}.Release|Win32.ActiveCfg = Release|Win32
		{16FFD4D1-FCF7-4AED-AF77-4D672E680E25}.Release|Win32.Build.0 = Release|Win32
		{16FFD4D1-FCF7-4AED-AF77-4D672E680E25}.Release|x64.ActiveCfg = Release|x64
		{16FFD4D1-FCF7-4AED-AF77-4D672E680E25}.Release|x64.Build.0 = Release|x64
		{25D931A6-4308-4A51-8FFE-2D898E309325}.Debug|Win32.ActiveCfg = Debug|Win32
		{25D931A6-4308-4A51-8FFE-2D898E309325}.Debug|Win32.Build.0 = Debug|Win32
		{25D931A6-4308-4A51-8FFE-2D898E309325}.Debug|x64.ActiveCfg = Debug|x64
		{25D931A6-4308-4A51-8FFE-2D898E309325}.Debug|x64.Build.0 = Debug|x64
		{25D931A6-4308-4A51-8FFE-2D898E309325}.Release|Win32.ActiveCfg = Release|Win32
		{25D931A6-4308-4A51-8FFE-2D898E309325}.Release|Win32.Build.0 = Release|Win32
		{25D931A6-4308-4A51-8FFE-2D898E309325}.Release|x64.ActiveCfg = Release|x64
		{25D931A6-4308-4A51-8FFE-2D898E309325}.Release|x64.Build.0 = Release|x64
		{18610BDA-6BA4-449F-B145-644B334C6E7F}.Debug|Win32.ActiveCfg = Debug|Win32
		{18610BDA-6BA4-449F-B145-644B334C6E7F}.Debug|Win32.Build.0 = Debug|Win32
		{18610BDA-6BA4-449F-B145-644B334C6E7F}.Debug|x64.ActiveCfg = Debug|x64
		{18610BDA-6BA4-449F-B145-644B334C6E7F}.Debug|x64.Build.0 = Debug|x64
		{18610BDA-6BA4-449F-B145-644B334C6E7F}.Release|Win32.ActiveCfg = Release|Win32
		{18610BDA-6BA4-449F-B145-644B334C6E7F}.Release|Win32.Build.0 = Release|Win32
		{18610BDA-6BA4-449F-B145-644B334C6E7F}.Release|x64.ActiveCfg = Release|x64
		{18610BDA-6BA4-449F-B145-644B334C6E7F}.Release|x64.Build.0 = Release|x64
		{76B6718E-F7C1-4197-B2AC-BB8C7F050807}.Debug|Win32.ActiveCfg = Debug|Win32
		{76B6718E-F7C1-4197-B2AC-BB8C7F050807}.Debug|Win32.Build.0 = Debug|Win32
		{76B6718E-F7C1-4197-B2AC-BB8C7F050807}.Debug|x64.ActiveCfg = Debug|x64
		{76B6718E-F7C1-4197-B2AC-BB8C7F050807}.Debug|x64.Build.0 = Debug|x64
		{76B6718E-F7C1-4197-B2AC-BB8C7F050807}.Release|Win32.ActiveCfg = Release|Win32
		{76B6718E-F7C1-4197-B2AC-BB8C7F050807}.Release|Win32.Build.0 = Release|Win32
		{76B6718E-F7C1-4197-B2AC-BB8C7F050807}.Release|x64.ActiveCfg = Release|x64
		{76B6718E-F7C1-4197-B2AC-BB8C7F050807}.Release|x64.Build.0 = Release|x64
		{D08A9656-333D-44C4-914B-790C799ED9EC}.Debug|Win32.ActiveCfg = Debug|Win32
		{D08A9656-333D-44C4-914B-790C799ED9EC}.Debug|Win32.Build.0 = Debug|Win32
		{D08A9656-333D-44C4-914B-790C799ED9EC}.Debug|x64.ActiveCfg = Debug|x64
		{D08A9656-333D-44C4-914B-790C799ED9EC}.Debug|x64.Build.0 = Debug|x64
		{D08A9656-333D-44C4-914B-790C799ED9EC}.Release|Win32.ActiveCfg = Release|Win32
		{D08A9656-333D-44C4-914B-790C799ED9EC}.Release|Win32.Build.0 = Release|Win32
		{D08A9656-333D-44C4-914B-790C799ED9EC}.Release|x64.ActiveCfg = Release|x64
		{D08A9656-333D-44C4-914B-790C799ED9EC}.Release|x64.Build.0 = Release|x64
		{C0F5677C-14C6-47E0-9F24-691085BA8441}.Debug|Win32.ActiveCfg = Debug|Win32
		{C0F5677C-14C6-47E0-9F24-691085BA8441}.Debug|Win32.Build.0 = Debug|Win32
		{C0F5677C-14C6-47E0-9F24-691085BA8441}.Debug|x64.ActiveCfg = Debug|x64
		{C0F5677C-14C6-47E0-9F24-691085BA8441}.Debug|x64.Build.0 = Debug|x64
		{C0F5677C-14C6-47E0-9F24-691085BA8441}.Release|Win32.ActiveCfg = Release|Win32
		{C0F5677C-14C6-47E0-9F24-691085BA8441}.Release|Win32.Build.0 = Release|Win32
		{C0F5677C-14C6-47E0-9F24-691085BA8441}.Release|x64.ActiveCfg = Release|x64
		{C0F5677C-14C6-47E0-9F24-691085BA8441}.Release|x64.Build.0 = Release|x64
		{78FA7611-BF24-48A2-BA8C-616B4B32C815}.Debug|Win32.ActiveCfg = Debug|Win32
		{78FA7611-BF24-48A2-BA8C-616B4B32C815}.Debug|Win32.Build.0 = Debug|Win32
		{78FA7611-BF24-48A2-BA8C-616B4B32C815}.Debug|x64.ActiveCfg = Debug|x64
		{78FA7611-BF24-48A2-BA8C-616B4B32C815}.Debug|x64.Build.0 = Debug|x64
		{78FA7611-BF24-48A2-BA8C-616B4B32C815}.Release|Win32.ActiveCfg = Release|Win32
		{78FA7611-BF24-48A2-BA8C-616B4B32C815}.Release|Win32.Build.0 = Release|Win32
		{78FA7611-BF24-48A2-BA8C-616B4B32C815}.Release|x64.ActiveCfg = Release|x64
		{78FA7611-BF24-48A2-BA8C-616B4B32C815}.Release|x64.Build.0 = Release|x64
		{FB202E20-B785-4F5C-8C2A-DE231445CFF8}.Debug|Win32.ActiveCfg = Debug|Win32
		{FB202E20-B785-4F5C-8C2A-DE231445CFF8}.Debug|Win32.Build.0 = Debug|Win32
		{FB202E20-B785-4F5C-8C2A-DE231445CFF8}.Debug|x64.ActiveCfg = Debug|x64
		{FB202E20-B785-4F5C-8C2A-DE231445CFF8}.Debug|x64.Build.0 = Debug|x64
		{FB202E20-B785-4F5C-8C2A-DE231445CFF8}.Release|Win32.ActiveCfg = Release|Win32
		{FB202E20-B785-4F5C-8C2A-DE231445CFF8}.Release|Win32.Build.0 = Release|Win32
		{FB202E20-B785-4F5C-8C2A-DE231445CFF8}.Release|x64.ActiveCfg = Release|x64
		{FB202E20-B785-4F5C-8C2A-DE231445CFF8}.Release|x64.Build.0 = Release|x64
		{2669E1A2-FA25-4DB2-976F-466FAF62B892}.Debug|Win32.ActiveCfg = Debug|Win32
		{2669E1A2-FA25-4DB2-976F-466FAF62B892}.Debug|Win32.Build.0 = Debug|Win32
		{2669E1A2-FA25-4DB2-976F-466FAF62B892}.Debug|x64.ActiveCfg = Debug|x64
		{2669E1A2-FA25-4DB2-976F-466FAF62B892}.Debug|x64.Build.0 = Debug|x64
		{2669E1A2-FA25-4DB2-976F-466FAF62B892}.Release|Win32.ActiveCfg = Release|Win32
		{2669E1A2-FA25-4DB2-976F-466FAF62B892}.Release|Win32.Build.0 = Release|Win32
		{2669E1A2-FA25-4DB2-976F-466FAF62B892}.Release|x64.ActiveCfg = Release|x64
		{2669E1A2-FA25-4DB2-976F-466FAF62B892}.Release|x64.Build.0 = Release|x64
		{998E7677-095E-4EAC-BA1D-297CACF7A775}.Debug|Win32.ActiveCfg = Debug|Win32
		{998E7677-095E-4EAC-BA1D-297CACF7A775}.Debug|Win32.Build.0 = Debug|Win32
		{998E7677-095E-4EAC-BA1D-297CACF7A775}.Debug|x64.ActiveCfg = Debug|x64
		{998E7677-095E-4EAC-BA1D-297CACF7A775}.Debug|x64.Build.0 = Debug|x64
		{998E7677-095E-4EAC-BA1D-297CACF7A775}.Release|Win32.ActiveCfg = Release|Win32
		{998E7677-095E-4EAC-BA1D-297CACF7A775}.Release|Win32.Build.0 = Release|Win32
		{998E7677-095E-4EAC-BA1D-297CACF7A775}.Release|x64.ActiveCfg = Release|x64
		{998E7677-095E-4EAC-BA1D-297CACF7A775}.Release|x64.Build.0 = Release|x64
		{A300DA42-F9B2-405E-A367-42939F957CFE}.Debug|Win32.ActiveCfg = Debug|Win32
		{A300DA42-F9B2-405E-A367-42939F957CFE}.Debug|Win32.Build.0 = Debug|Win32
		{A300DA42-F9B2-405E-A367-42939F957CFE}.Debug|x64.ActiveCfg = Debug|x64
		{A300DA42-F9B2-405E-A367-42939F957CFE}.Debug|x64.Build.0 = Debug|x64
		{A300DA42-F9B2-405E-A367-42939F957CFE}.Release|Win32.ActiveCfg = Release|Win32
		{A300DA42-F9B2-405E-A367-42939F957CFE}.Release|Win32.Build.0 = Release|Win32
		{A300DA42-F9B2-405E-A367-42939F957CFE}.Release|x64.ActiveCfg = Release|x64
		{A300DA42-F9B2-405E-A367-42939F957CFE}.Release|x64.Build.0 = Release|x64
		{E07576D3-7363-4525-B80C-216457A073AF}.Debug|Win32.ActiveCfg = Debug|Win32
		{E07576D3-7363-4525-B80C-216457A073AF}.Debug|Win32.Build.0 = Debug|Win32
		{E07576D3-7363-4525-B80C-216457A073AF}.Debug|x64.ActiveCfg = Debug|x64
		{E07576D3-7363-4525-B80C-216457A073AF}.Debug|x64.Build.0 = Debug|x64
		{E07576D3-7363-4525-B80C-216457A073AF}.Release|Win32.ActiveCfg = Release|Win32
		{E07576D3-7363-4525-B80C-216457A073AF}.Release|Win32.Build.0 = Release|Win32
		{E07576D3-7363-4525-B80C-216457A073AF}.Release|x64.ActiveCfg = Release|x64
		{E07576D3-7363-4525-B80C-216457A073AF}.Release|x64.Build.0 = Release|x64
		{6542C984-3158-4098-A0F2-EEB3E8334ADB}.Debug|Win32.ActiveCfg = Debug|Win32
		{6542C984-3158-4098-A0F2-EEB3E8334ADB}.Debug|Win32.Build.0 = Debug|Win32
		{6542C984-3158-4098-A0F2-EEB3E8334ADB}.Debug|x64.ActiveCfg = Debug|x64
		{6542C984-3158-4098-A0F2-EEB3E8334ADB}.Debug|x64.Build.0 = Debug|x64
		{6542C984-3158-4098-A0F2-EEB3E8334ADB}.Release|Win32.ActiveCfg = Release|Win32
		{6542C984-3158-4098-A0F2-EEB3E8334ADB}.Release|Win32.Build.0 = Release|Win32
		{6542C984-3158-4098-A0F2-EEB3E8334ADB}.Release|x64.ActiveCfg = Release|x64
		{6542C984-3158-4098-A0F2-EEB3E8334ADB}.Release|x64.Build.0 = Release|x64
		{B6DCAEB6-9AAE-4401-A3D0-9BB19E0BCD19}.Debug|Win32.ActiveCfg = Debug|Win32
		{B6DCAEB6-9AAE-4401-A3D0-9BB19E0BCD19}.Debug|Win32.Build.0 = Debug|Win32
		{B6DCAEB6-9AAE-4401-A3D0-9BB19E0BCD19}.Debug|x64.ActiveCfg = Debug|x64
		{B6DCAEB6-9AAE-4401-A3D0-9BB19E0BCD19}.Debug|x64.Build.0 = Debug|x64
		{B6DCAEB6-9AAE-4401-A3D0-9BB19E0BCD19}.Release|Win32.ActiveCfg = Release|Win32
		{B6DCAEB6-9AAE-4401-A3D0-9BB19E0BCD19}.Release|Win32.Build.0 = Release|Win32
		{B6DCAEB6-9AAE-4401-A3D0-9BB19E0BCD19}.Release|x64.ActiveCfg = Release|x64
		{B6DCAEB6-9AAE-4401-A3D0-9BB19E0BCD19}.Release|x64.Build.0 = Release|x64
		{780DA973-866C-4327-B555-CD2116F8AC64}.Debug|Win32.ActiveCfg = Debug|Win32
		{780DA973-866C-4327-B555-CD2116F8AC64}.Debug|Win32.Build.0 = Debug|Win32
		{780DA973-866C-4327-B555-CD2116F8AC64}.Debug|x64.ActiveCfg = Debug|x64
		{780DA973-866C-4327-B555-CD2116F8AC64}.Debug|x64.Build.0 = Debug|x64
		{780DA973-866C-4327-B555-CD2116F8AC64}.Release|Win32.ActiveCfg = Release|Win32
		{780DA973-866C-4327-B555-CD2116F8AC64}.Release|Win32.Build.0 = Release|Win32
		{780DA973-866C-4327-B555-CD2116F8AC64}.Release|x64.ActiveCfg = Release|x64
		{780DA973-866C-4327-B555-CD2116F8AC64}.Release|x64.Build.0 = Release|x64
		{A8B15FD8-A9FA-46FD-9C40-99B42CF2354D}.Debug|Win32.ActiveCfg = Debug|Win32
		{A8B15FD8-A9FA-46FD-9C40-99B42CF2354D}.Debug|Win32.Build.0 = Debug|Win32
		{A8B15FD8-A9FA-46FD-9C40-99B42CF2354D}.Debug|x64.ActiveCfg = Debug|x64
		{A8B15FD8-A9FA-46FD-9C40-99B42CF2354D}.Debug|x64.Build.0 = Debug|x64
		{A8B15FD8-A9FA-46FD-9C40-99B42CF2354D}.Release|Win32.ActiveCfg = Release|Win32
		{A8B15FD8-A9FA-46FD-9C40-99B42CF2354D}.Release|Win32.Build.0 = Release|Win32
		{A8B15FD8-A9FA-46FD-9C40-99B42CF2354D}.Release|x64.ActiveCfg = Release|x64
		{A8B15FD8-A9FA-46FD-9C40-99B42CF2354D}.Release|x64.Build.0 = Release|x64
		{1971C868-40B7-44A0-9B54-955AB80C65C2}.Debug|Win32.ActiveCfg = Debug|Win32
		{1971C868-40B7-44A0-9B54-955AB80C65C2}.Debug|Win32.Build.0 = Debug|Win32
		{1971C868-40B7-44A0-9B54-955AB80C65C2}.Debug|x64.ActiveCfg = Debug|x64
		{1971C868-40B7-44A0-9B54-955AB80C65C2}.Debug|x64.Build.0 = Debug|x64
		{1971C868-40B7-44A0-9B54-955AB80C65C2}.Release|Win32.ActiveCfg = Release|Win32
		{1971C868-40B7-44A0-9B54-955AB80C65C2}.Release|Win32.Build.0 = Release|Win32
		{1971C868-40B7-44A0-9B54-955AB80C65C2}.Release|x64.ActiveCfg = Release|x64
		{1971C868-40B7-44A0-9B54-955AB80C65C2}.Release|x64.Build.0 = Release|x64
		{3DEDCB73-AA8C-4915-9850-0C734C01A19D}.Debug|Win32.ActiveCfg = Debug|Win32
		{3DEDCB73-AA8C-4915-9850-0C734C01A19D}.Debug|Win32.Build.0 = Debug|Win32
		{3DEDCB73-AA8C-4915-9850-0C734C01A19D}.Debug|x64.ActiveCfg = Debug|x64
		{3DEDCB73-AA8C-4915-9850-0C734C01A19D}.Debug|x64.Build.0 = Debug|x64
		{3DEDCB73-AA8C-4915-9850-0C734C01A19D}.Release|Win32.ActiveCfg = Release|Win32
		{3DEDCB73-AA8C-4915-9850-0C734C01A19D}.Release|Win32.Build.0 = Release|Win32
		{3DEDCB73-AA8C-4915-9850-0C734C01A19D}.Release|x64.ActiveCfg = Release|x64
		{3DEDCB73-AA8C-4915-9850-0C734C01A19D}.Release|x64.Build.0 = Release|x64
		{A1B474E0-CBAE-4616-B60B-E2D8E0ADC889}.Debug|Win32.ActiveCfg = Debug|Win32
		{A1B474E0-CBAE-4616-B60B-E2D8E0ADC889}.Debug|Win32.Build.0 = Debug|Win32
		{A1B474E0-CBAE-4616-B60B-E2D8E0ADC889}.Debug|x64.ActiveCfg = Debug|x64
		{A1B474E0-CBAE-4616-B60B-E2D8E0ADC889}.Debug|x64.Build.0 = Debug|x64
		{A1B474E0-CBAE-4616-B60B-E2D8E0ADC889}.Release|Win32.ActiveCfg = Release|Win32
		{A1B474E0-CBAE-4616-B60B-E2D8E0ADC889}.Release|Win32.Build.0 = Release|Win32
		{A1B474E0-CBAE-4616-B60B-E2D8E0ADC889}.Release|x64.ActiveCfg = Release|x64
		{A1B474E0-CBAE-4616-B60B-E2D8E0ADC889}.Release|x64.Build.0 = Release|x64
		{F0BFCD9C-B542-4FF1-917D-83982AD22EB8}.Debug|Win32.ActiveCfg = Debug|Win32
		{F0BFCD9C-B542-4FF1-917D-83982AD22EB8}.Debug|Win32.Build.0 = Debug|Win32
		{F0BFCD9C-B542-4FF1-917D-83982AD22EB8}.Debug|x64.ActiveCfg = Debug|x64
		{F0BFCD9C-B542-4FF1-917D-83982AD22EB8}.Debug|x64.Build.0 = Debug|x64
		{F0BFCD9C-B542-4FF1-917D-83982AD22EB8}.Release|Win32.ActiveCfg = Release|Win32
		{F0BFCD9C-B542-4FF1-917D-83982AD22EB8}.Release|Win32.Build.0 = Release|Win32
		{F0BFCD9C-B542-4FF1-917D-83982AD22EB8}.Release|x64.ActiveCfg = Release|x64
		{F0BFCD9C-B542-4FF1-917D-83982AD22EB8}.Release|x64.Build.0 = Release|x64
		{774E1DDA-E4F3-4CF4-B907-F02A2EF312BF}.Debug|Win32.ActiveCfg = Debug|Win32
		{774E1DDA-E4F3-4CF4-B907-F02A2EF312BF}.Debug|Win32.Build.0 = Debug|Win32
		{774E1DDA-E4F3-4CF4-B907-F02A2EF312BF}.Debug|x64.ActiveCfg = Debug|x64
		{774E1DDA-E4F3-4CF4-B907-F02A2EF312BF}.Debug|x64.Build.0 = Debug|x64
		{774E1DDA-E4F3-4CF4-B907-F02A2EF312BF}.Release|Win32.ActiveCfg = Release|Win32
		{774E1DDA-E4F3-4CF4-B907-F02A2EF312BF}.Release|Win32.Build.0 = Release|Win32
		{774E1DDA-E4F3-4CF4-B907-F02A2EF312BF}.Release|x64.ActiveCfg = Release|x64
		{774E1DDA-E4F3-4CF4-B907-F02A2EF312BF}.Release|x64.Build.0 = Release|x64
		{7BE8CE48-39A9-4D9C-80CF-425BA04BB356}.Debug|Win32.ActiveCfg = Debug|Win32
		{7BE8CE48-39A9-4D9C-80CF-425BA04BB356}.Debug|Win32.Build.0 = Debug|Win32
		{7BE8CE48-39A9-4D9C-80CF-425BA04BB356}.Debug|x64.ActiveCfg = Debug|x64
		{7BE8CE48-39A9-4D9C-80CF-425BA04BB356}.Debug|x64.Build.0 = Debug|x64
		{7BE8CE48-39A9-4D9C-80CF-425BA04BB356}.Release|Win32.ActiveCfg = Release|Win32
		{7BE8CE48-39A9-4D9C-80CF-425BA04BB356}.Release|Win32.Build.0 = Release|Win32
		{7BE8CE48-39A9-4D9C-80CF-425BA04BB356}.Release|x64.ActiveCfg = Release|x64
		{7BE8CE48-39A9-4D9C-80CF-425BA04BB356}.Release|x64.Build.0 = Release|x64
		{6ECD71E1-AE22-4B31-8007-6A601957C01C}.Debug|Win32.ActiveCfg = Debug|Win32
		{6ECD71E1-AE22-4B31-8007-6A601957C01C}.Debug|Win32.Build.0 = Debug|Win32
		{6ECD71E1-AE22-4B31-8007-6A601957C01C}.Debug|x64.ActiveCfg = Debug|x64
		{6ECD71E1-AE22-4B31-8007-6A601957C01C}.Debug|x64.Build.0 = Debug|x64
		{6ECD71E1-AE22-4B31-8007-6A601957C01C}.Release|Win32.ActiveCfg = Release|Win32
		{6ECD71E1-AE22-4B31-8007-6A601957C01C}.Release|Win32.Build.0 = Release|Win32
		{6ECD71E1-AE22-4B31-8007-6A601957C01C}.Release|x64.ActiveCfg = Release|x64
		{6ECD71E1-AE22-4B31-8007-6A601957C01C}.Release|x64.Build.0 = Release|x64
		{CD3DC2AF-B7DA-413A-A054-30919E09CA55}.Debug|Win32.ActiveCfg = Debug|Win32
		{CD3DC2AF-B7DA-413A-A054-30919E09CA55}.Debug|Win32.Build.0 = Debug|Win32
		{CD3DC2AF-B7DA-413A-A054-30919E09CA55}.Debug|x64.ActiveCfg = Debug|x64
		{CD3DC2AF-B7DA-413A-A054-30919E09CA55}.Debug|x64.Build.0 = Debug|x64
		{CD3DC2AF-B7DA-413A-A054-30919E09CA55}.Release|Win32.ActiveCfg = Release|Win32
		{CD3DC2AF-B7DA-413A-A054-30919E09CA55}.Release|Win32.Build.0 = Release|Win32
		{CD3DC2AF-B7DA-413A-A054-30919E09CA55}.Release|x64.ActiveCfg = Release|x64
		{CD3DC2AF-B7DA-413A-A054-30919E09CA55}.Release|x64.Build.0 = Release|x64
	EndGlobalSection
	GlobalSection(SolutionProperties) = preSolution
		HideSolutionNode = FALSE
	EndGlobalSection
EndGlobal
