Microsoft Visual Studio Solution File, Format Version 11.00
# Visual Studio 2010
Project("{8BC9CEB8-8B4A-11D0-8D11-00A0C91BC942}") = "testbspline", "libtest\testbspline\testbspline.vcxproj", "{1AE0AA4B-417F-4AB7-9519-13C261A3B38A}"
EndProject
Project("{8BC9CEB8-8B4A-11D0-8D11-00A0C91BC942}") = "testcblas", "libtest\testcblas\testcblas.vcxproj", "{6110DE23-ED50-4FD4-BD76-C5587CE45159}"
EndProject
Project("{8BC9CEB8-8B4A-11D0-8D11-00A0C91BC942}") = "testcdf", "libtest\testcdf\testcdf.vcxproj", "{D654E823-B011-487C-9A84-F829CD548D4E}"
EndProject
Project("{8BC9CEB8-8B4A-11D0-8D11-00A0C91BC942}") = "testcheb", "libtest\testcheb\testcheb.vcxproj", "{89ECB899-DE55-4A19-BA74-6AE3537998AE}"
EndProject
Project("{8BC9CEB8-8B4A-11D0-8D11-00A0C91BC942}") = "testcombination", "libtest\testcombination\testcombination.vcxproj", "{6B14983A-92E2-4621-A958-99D44F54CA6D}"
EndProject
Project("{8BC9CEB8-8B4A-11D0-8D11-00A0C91BC942}") = "testcomplex", "libtest\testcomplex\testcomplex.vcxproj", "{3ED60A34-45EA-4642-8C20-77CE36641FD7}"
EndProject
Project("{8BC9CEB8-8B4A-11D0-8D11-00A0C91BC942}") = "testconst", "libtest\testconst\testconst.vcxproj", "{76B6314A-0B63-428C-8CC0-28A6B6757619}"
EndProject
Project("{8BC9CEB8-8B4A-11D0-8D11-00A0C91BC942}") = "testderiv", "libtest\testderiv\testderiv.vcxproj", "{6C3577E1-2ECA-432E-832C-3F1D2E0B0628}"
EndProject
Project("{8BC9CEB8-8B4A-11D0-8D11-00A0C91BC942}") = "testdht", "libtest\testdht\testdht.vcxproj", "{8EF1C5AB-F143-4AAB-B4D3-3FF2C972D798}"
EndProject
Project("{8BC9CEB8-8B4A-11D0-8D11-00A0C91BC942}") = "testdiff", "libtest\testdiff\testdiff.vcxproj", "{4D548FB9-CB07-4FDD-9CAD-5940C6FC8BBA}"
EndProject
Project("{8BC9CEB8-8B4A-11D0-8D11-00A0C91BC942}") = "testeigen", "libtest\testeigen\testeigen.vcxproj", "{91C16FED-C22B-4A9D-8264-AE03B1125533}"
EndProject
Project("{8BC9CEB8-8B4A-11D0-8D11-00A0C91BC942}") = "testerr", "libtest\testerr\testerr.vcxproj", "{18F19E48-C7DF-472D-A76A-7567319C58DA}"
EndProject
Project("{8BC9CEB8-8B4A-11D0-8D11-00A0C91BC942}") = "testfft", "libtest\testfft\testfft.vcxproj", "{7EBA1D43-5633-45B7-82FF-38287E360DA9}"
EndProject
Project("{8BC9CEB8-8B4A-11D0-8D11-00A0C91BC942}") = "testfit", "libtest\testfit\testfit.vcxproj", "{916BA27D-20BE-498E-8503-EF1466C52323}"
EndProject
Project("{8BC9CEB8-8B4A-11D0-8D11-00A0C91BC942}") = "testhistogram", "libtest\testhistogram\testhistogram.vcxproj", "{E446FA42-70FB-48EE-9369-6AD83E281D7A}"
EndProject
Project("{8BC9CEB8-8B4A-11D0-8D11-00A0C91BC942}") = "testieee", "libtest\testieee\testieee.vcxproj", "{83FDEED4-B974-40BB-9A03-3D0982308A5C}"
EndProject
Project("{8BC9CEB8-8B4A-11D0-8D11-00A0C91BC942}") = "testintegration", "libtest\testintegration\testintegration.vcxproj", "{38E42305-04D4-4214-AA78-FE2FD4D815DF}"
EndProject
Project("{8BC9CEB8-8B4A-11D0-8D11-00A0C91BC942}") = "testinterpolation", "libtest\testinterpolation\testinterpolation.vcxproj", "{5CBA9AA3-3719-418F-B584-810230D2528D}"
EndProject
Project("{8BC9CEB8-8B4A-11D0-8D11-00A0C91BC942}") = "testlinalg", "libtest\testlinalg\testlinalg.vcxproj", "{B61ED8E5-D04A-4E90-9C44-863E20A33E6B}"
EndProject
Project("{8BC9CEB8-8B4A-11D0-8D11-00A0C91BC942}") = "testmatrix", "libtest\testmatrix\testmatrix.vcxproj", "{A0AE1EDB-4706-4C69-963F-F570B9F4DB2E}"
EndProject
Project("{8BC9CEB8-8B4A-11D0-8D11-00A0C91BC942}") = "testmin", "libtest\testmin\testmin.vcxproj", "{80345081-E713-459C-A481-BA9E92B86630}"
EndProject
Project("{8BC9CEB8-8B4A-11D0-8D11-00A0C91BC942}") = "testmonte", "libtest\testmonte\testmonte.vcxproj", "{48DA214F-E18A-44EE-835D-88CB94731BA8}"
EndProject
Project("{8BC9CEB8-8B4A-11D0-8D11-00A0C91BC942}") = "testmultifit", "libtest\testmultifit\testmultifit.vcxproj", "{1AE8FCD6-20ED-4210-87AF-D880B822C748}"
EndProject
Project("{8BC9CEB8-8B4A-11D0-8D11-00A0C91BC942}") = "testmultimin", "libtest\testmultimin\testmultimin.vcxproj", "{1D2729A4-0A10-4759-B24C-EA78C3136849}"
EndProject
Project("{8BC9CEB8-8B4A-11D0-8D11-00A0C91BC942}") = "testmultiroots", "libtest\testmultiroots\testmultiroots.vcxproj", "{146EB649-BA4F-4F3C-8C1B-CF5B4B2F8DA3}"
EndProject
Project("{8BC9CEB8-8B4A-11D0-8D11-00A0C91BC942}") = "testntuple", "libtest\testntuple\testntuple.vcxproj", "{44BE4583-B85C-4066-9EC5-3B1B3AD5BDCA}"
EndProject
Project("{8BC9CEB8-8B4A-11D0-8D11-00A0C91BC942}") = "testode", "libtest\testode\testode.vcxproj", "{CB888B2C-7A72-4F15-ABC3-803772B5FA0E}"
EndProject
Project("{8BC9CEB8-8B4A-11D0-8D11-00A0C91BC942}") = "testpermutation", "libtest\testpermutation\testpermutation.vcxproj", "{6B4FEA82-D96E-4BA6-9F35-58E370D4D9C7}"
EndProject
Project("{8BC9CEB8-8B4A-11D0-8D11-00A0C91BC942}") = "testpoly", "libtest\testpoly\testpoly.vcxproj", "{C0DC729B-59D6-4195-AAFD-D5AFAC1C4568}"
EndProject
Project("{8BC9CEB8-8B4A-11D0-8D11-00A0C91BC942}") = "testqrng", "libtest\testqrng\testqrng.vcxproj", "{1AD10883-3DDF-4B25-8B87-09D284BA3A3B}"
EndProject
Project("{8BC9CEB8-8B4A-11D0-8D11-00A0C91BC942}") = "testrandist", "libtest\testrandist\testrandist.vcxproj", "{28FA9F87-03AB-40E3-B5D9-B901B75796F2}"
EndProject
Project("{8BC9CEB8-8B4A-11D0-8D11-00A0C91BC942}") = "testrng", "libtest\testrng\testrng.vcxproj", "{79355144-017F-4BA3-8636-C630D33B41B5}"
EndProject
Project("{8BC9CEB8-8B4A-11D0-8D11-00A0C91BC942}") = "testroots", "libtest\testroots\testroots.vcxproj", "{77B10EE4-5A7E-48F9-A89E-BCAA997C7FA4}"
EndProject
Project("{8BC9CEB8-8B4A-11D0-8D11-00A0C91BC942}") = "testsiman", "libtest\testsiman\testsiman.vcxproj", "{F0922A5A-2564-43AA-85C5-93340962BC7F}"
EndProject
Project("{8BC9CEB8-8B4A-11D0-8D11-00A0C91BC942}") = "testsort", "libtest\testsort\testsort.vcxproj", "{E6F6B61B-3A2F-4606-AC52-85E2B1BA2D27}"
EndProject
Project("{8BC9CEB8-8B4A-11D0-8D11-00A0C91BC942}") = "testspecfunc", "libtest\testspecfunc\testspecfunc.vcxproj", "{7F6701B4-B6CB-4354-8A63-6D6B8C5AA331}"
EndProject
Project("{8BC9CEB8-8B4A-11D0-8D11-00A0C91BC942}") = "teststatistics", "libtest\teststatistics\teststatistics.vcxproj", "{33D8FD70-EF29-4821-A886-E744B44DB3DE}"
EndProject
Project("{8BC9CEB8-8B4A-11D0-8D11-00A0C91BC942}") = "testsum", "libtest\testsum\testsum.vcxproj", "{18895A25-57D5-462D-AF63-78C304BA9A45}"
EndProject
Project("{8BC9CEB8-8B4A-11D0-8D11-00A0C91BC942}") = "testsys", "libtest\testsys\testsys.vcxproj", "{8FCA570C-EE80-4125-9250-C3C1A463E4A6}"
EndProject
Project("{8BC9CEB8-8B4A-11D0-8D11-00A0C91BC942}") = "testvector", "libtest\testvector\testvector.vcxproj", "{02D2C630-61A8-4028-B332-178C165999C7}"
EndProject
Project("{8BC9CEB8-8B4A-11D0-8D11-00A0C91BC942}") = "testwavelet", "libtest\testwavelet\testwavelet.vcxproj", "{0CC9776E-76F4-497B-A3BF-6C30FDE0C025}"
EndProject
Project("{8BC9CEB8-8B4A-11D0-8D11-00A0C91BC942}") = "testmultiset", "libtest\testmultiset\testmultiset.vcxproj", "{5BFD9DF0-A84C-4CE8-A1F5-48678A3A1B62}"
EndProject
Project("{8BC9CEB8-8B4A-11D0-8D11-00A0C91BC942}") = "testode2", "libtest\testode2\testode2.vcxproj", "{8D281846-424F-4A02-B35C-0B9F9AAE0EA7}"
EndProject
Project("{8BC9CEB8-8B4A-11D0-8D11-00A0C91BC942}") = "testblock", "libtest\testblock\testblock.vcxproj", "{BF40B08E-216E-46E2-AC28-503E53B7E8A0}"
EndProject
Global
	GlobalSection(SolutionConfigurationPlatforms) = preSolution
		Debug|Win32 = Debug|Win32
		Debug|x64 = Debug|x64
		Release|Win32 = Release|Win32
		Release|x64 = Release|x64
	EndGlobalSection
	GlobalSection(ProjectConfigurationPlatforms) = postSolution
		{1AE0AA4B-417F-4AB7-9519-13C261A3B38A}.Debug|Win32.ActiveCfg = Debug|Win32
		{1AE0AA4B-417F-4AB7-9519-13C261A3B38A}.Debug|Win32.Build.0 = Debug|Win32
		{1AE0AA4B-417F-4AB7-9519-13C261A3B38A}.Debug|x64.ActiveCfg = Debug|x64
		{1AE0AA4B-417F-4AB7-9519-13C261A3B38A}.Debug|x64.Build.0 = Debug|x64
		{1AE0AA4B-417F-4AB7-9519-13C261A3B38A}.Release|Win32.ActiveCfg = Release|Win32
		{1AE0AA4B-417F-4AB7-9519-13C261A3B38A}.Release|Win32.Build.0 = Release|Win32
		{1AE0AA4B-417F-4AB7-9519-13C261A3B38A}.Release|x64.ActiveCfg = Release|x64
		{1AE0AA4B-417F-4AB7-9519-13C261A3B38A}.Release|x64.Build.0 = Release|x64
		{6110DE23-ED50-4FD4-BD76-C5587CE45159}.Debug|Win32.ActiveCfg = Debug|Win32
		{6110DE23-ED50-4FD4-BD76-C5587CE45159}.Debug|Win32.Build.0 = Debug|Win32
		{6110DE23-ED50-4FD4-BD76-C5587CE45159}.Debug|x64.ActiveCfg = Debug|x64
		{6110DE23-ED50-4FD4-BD76-C5587CE45159}.Debug|x64.Build.0 = Debug|x64
		{6110DE23-ED50-4FD4-BD76-C5587CE45159}.Release|Win32.ActiveCfg = Release|Win32
		{6110DE23-ED50-4FD4-BD76-C5587CE45159}.Release|Win32.Build.0 = Release|Win32
		{6110DE23-ED50-4FD4-BD76-C5587CE45159}.Release|x64.ActiveCfg = Release|x64
		{6110DE23-ED50-4FD4-BD76-C5587CE45159}.Release|x64.Build.0 = Release|x64
		{D654E823-B011-487C-9A84-F829CD548D4E}.Debug|Win32.ActiveCfg = Debug|Win32
		{D654E823-B011-487C-9A84-F829CD548D4E}.Debug|Win32.Build.0 = Debug|Win32
		{D654E823-B011-487C-9A84-F829CD548D4E}.Debug|x64.ActiveCfg = Debug|x64
		{D654E823-B011-487C-9A84-F829CD548D4E}.Debug|x64.Build.0 = Debug|x64
		{D654E823-B011-487C-9A84-F829CD548D4E}.Release|Win32.ActiveCfg = Release|Win32
		{D654E823-B011-487C-9A84-F829CD548D4E}.Release|Win32.Build.0 = Release|Win32
		{D654E823-B011-487C-9A84-F829CD548D4E}.Release|x64.ActiveCfg = Release|x64
		{D654E823-B011-487C-9A84-F829CD548D4E}.Release|x64.Build.0 = Release|x64
		{89ECB899-DE55-4A19-BA74-6AE3537998AE}.Debug|Win32.ActiveCfg = Debug|Win32
		{89ECB899-DE55-4A19-BA74-6AE3537998AE}.Debug|Win32.Build.0 = Debug|Win32
		{89ECB899-DE55-4A19-BA74-6AE3537998AE}.Debug|x64.ActiveCfg = Debug|x64
		{89ECB899-DE55-4A19-BA74-6AE3537998AE}.Debug|x64.Build.0 = Debug|x64
		{89ECB899-DE55-4A19-BA74-6AE3537998AE}.Release|Win32.ActiveCfg = Release|Win32
		{89ECB899-DE55-4A19-BA74-6AE3537998AE}.Release|Win32.Build.0 = Release|Win32
		{89ECB899-DE55-4A19-BA74-6AE3537998AE}.Release|x64.ActiveCfg = Release|x64
		{89ECB899-DE55-4A19-BA74-6AE3537998AE}.Release|x64.Build.0 = Release|x64
		{6B14983A-92E2-4621-A958-99D44F54CA6D}.Debug|Win32.ActiveCfg = Debug|Win32
		{6B14983A-92E2-4621-A958-99D44F54CA6D}.Debug|Win32.Build.0 = Debug|Win32
		{6B14983A-92E2-4621-A958-99D44F54CA6D}.Debug|x64.ActiveCfg = Debug|x64
		{6B14983A-92E2-4621-A958-99D44F54CA6D}.Debug|x64.Build.0 = Debug|x64
		{6B14983A-92E2-4621-A958-99D44F54CA6D}.Release|Win32.ActiveCfg = Release|Win32
		{6B14983A-92E2-4621-A958-99D44F54CA6D}.Release|Win32.Build.0 = Release|Win32
		{6B14983A-92E2-4621-A958-99D44F54CA6D}.Release|x64.ActiveCfg = Release|x64
		{6B14983A-92E2-4621-A958-99D44F54CA6D}.Release|x64.Build.0 = Release|x64
		{3ED60A34-45EA-4642-8C20-77CE36641FD7}.Debug|Win32.ActiveCfg = Debug|Win32
		{3ED60A34-45EA-4642-8C20-77CE36641FD7}.Debug|Win32.Build.0 = Debug|Win32
		{3ED60A34-45EA-4642-8C20-77CE36641FD7}.Debug|x64.ActiveCfg = Debug|x64
		{3ED60A34-45EA-4642-8C20-77CE36641FD7}.Debug|x64.Build.0 = Debug|x64
		{3ED60A34-45EA-4642-8C20-77CE36641FD7}.Release|Win32.ActiveCfg = Release|Win32
		{3ED60A34-45EA-4642-8C20-77CE36641FD7}.Release|Win32.Build.0 = Release|Win32
		{3ED60A34-45EA-4642-8C20-77CE36641FD7}.Release|x64.ActiveCfg = Release|x64
		{3ED60A34-45EA-4642-8C20-77CE36641FD7}.Release|x64.Build.0 = Release|x64
		{76B6314A-0B63-428C-8CC0-28A6B6757619}.Debug|Win32.ActiveCfg = Debug|Win32
		{76B6314A-0B63-428C-8CC0-28A6B6757619}.Debug|Win32.Build.0 = Debug|Win32
		{76B6314A-0B63-428C-8CC0-28A6B6757619}.Debug|x64.ActiveCfg = Debug|x64
		{76B6314A-0B63-428C-8CC0-28A6B6757619}.Debug|x64.Build.0 = Debug|x64
		{76B6314A-0B63-428C-8CC0-28A6B6757619}.Release|Win32.ActiveCfg = Release|Win32
		{76B6314A-0B63-428C-8CC0-28A6B6757619}.Release|Win32.Build.0 = Release|Win32
		{76B6314A-0B63-428C-8CC0-28A6B6757619}.Release|x64.ActiveCfg = Release|x64
		{76B6314A-0B63-428C-8CC0-28A6B6757619}.Release|x64.Build.0 = Release|x64
		{6C3577E1-2ECA-432E-832C-3F1D2E0B0628}.Debug|Win32.ActiveCfg = Debug|Win32
		{6C3577E1-2ECA-432E-832C-3F1D2E0B0628}.Debug|Win32.Build.0 = Debug|Win32
		{6C3577E1-2ECA-432E-832C-3F1D2E0B0628}.Debug|x64.ActiveCfg = Debug|x64
		{6C3577E1-2ECA-432E-832C-3F1D2E0B0628}.Debug|x64.Build.0 = Debug|x64
		{6C3577E1-2ECA-432E-832C-3F1D2E0B0628}.Release|Win32.ActiveCfg = Release|Win32
		{6C3577E1-2ECA-432E-832C-3F1D2E0B0628}.Release|Win32.Build.0 = Release|Win32
		{6C3577E1-2ECA-432E-832C-3F1D2E0B0628}.Release|x64.ActiveCfg = Release|x64
		{6C3577E1-2ECA-432E-832C-3F1D2E0B0628}.Release|x64.Build.0 = Release|x64
		{8EF1C5AB-F143-4AAB-B4D3-3FF2C972D798}.Debug|Win32.ActiveCfg = Debug|Win32
		{8EF1C5AB-F143-4AAB-B4D3-3FF2C972D798}.Debug|Win32.Build.0 = Debug|Win32
		{8EF1C5AB-F143-4AAB-B4D3-3FF2C972D798}.Debug|x64.ActiveCfg = Debug|x64
		{8EF1C5AB-F143-4AAB-B4D3-3FF2C972D798}.Debug|x64.Build.0 = Debug|x64
		{8EF1C5AB-F143-4AAB-B4D3-3FF2C972D798}.Release|Win32.ActiveCfg = Release|Win32
		{8EF1C5AB-F143-4AAB-B4D3-3FF2C972D798}.Release|Win32.Build.0 = Release|Win32
		{8EF1C5AB-F143-4AAB-B4D3-3FF2C972D798}.Release|x64.ActiveCfg = Release|x64
		{8EF1C5AB-F143-4AAB-B4D3-3FF2C972D798}.Release|x64.Build.0 = Release|x64
		{4D548FB9-CB07-4FDD-9CAD-5940C6FC8BBA}.Debug|Win32.ActiveCfg = Debug|Win32
		{4D548FB9-CB07-4FDD-9CAD-5940C6FC8BBA}.Debug|Win32.Build.0 = Debug|Win32
		{4D548FB9-CB07-4FDD-9CAD-5940C6FC8BBA}.Debug|x64.ActiveCfg = Debug|x64
		{4D548FB9-CB07-4FDD-9CAD-5940C6FC8BBA}.Debug|x64.Build.0 = Debug|x64
		{4D548FB9-CB07-4FDD-9CAD-5940C6FC8BBA}.Release|Win32.ActiveCfg = Release|Win32
		{4D548FB9-CB07-4FDD-9CAD-5940C6FC8BBA}.Release|Win32.Build.0 = Release|Win32
		{4D548FB9-CB07-4FDD-9CAD-5940C6FC8BBA}.Release|x64.ActiveCfg = Release|x64
		{4D548FB9-CB07-4FDD-9CAD-5940C6FC8BBA}.Release|x64.Build.0 = Release|x64
		{91C16FED-C22B-4A9D-8264-AE03B1125533}.Debug|Win32.ActiveCfg = Debug|Win32
		{91C16FED-C22B-4A9D-8264-AE03B1125533}.Debug|Win32.Build.0 = Debug|Win32
		{91C16FED-C22B-4A9D-8264-AE03B1125533}.Debug|x64.ActiveCfg = Debug|x64
		{91C16FED-C22B-4A9D-8264-AE03B1125533}.Debug|x64.Build.0 = Debug|x64
		{91C16FED-C22B-4A9D-8264-AE03B1125533}.Release|Win32.ActiveCfg = Release|Win32
		{91C16FED-C22B-4A9D-8264-AE03B1125533}.Release|Win32.Build.0 = Release|Win32
		{91C16FED-C22B-4A9D-8264-AE03B1125533}.Release|x64.ActiveCfg = Release|x64
		{91C16FED-C22B-4A9D-8264-AE03B1125533}.Release|x64.Build.0 = Release|x64
		{18F19E48-C7DF-472D-A76A-7567319C58DA}.Debug|Win32.ActiveCfg = Debug|Win32
		{18F19E48-C7DF-472D-A76A-7567319C58DA}.Debug|Win32.Build.0 = Debug|Win32
		{18F19E48-C7DF-472D-A76A-7567319C58DA}.Debug|x64.ActiveCfg = Debug|x64
		{18F19E48-C7DF-472D-A76A-7567319C58DA}.Debug|x64.Build.0 = Debug|x64
		{18F19E48-C7DF-472D-A76A-7567319C58DA}.Release|Win32.ActiveCfg = Release|Win32
		{18F19E48-C7DF-472D-A76A-7567319C58DA}.Release|Win32.Build.0 = Release|Win32
		{18F19E48-C7DF-472D-A76A-7567319C58DA}.Release|x64.ActiveCfg = Release|x64
		{18F19E48-C7DF-472D-A76A-7567319C58DA}.Release|x64.Build.0 = Release|x64
		{7EBA1D43-5633-45B7-82FF-38287E360DA9}.Debug|Win32.ActiveCfg = Debug|Win32
		{7EBA1D43-5633-45B7-82FF-38287E360DA9}.Debug|Win32.Build.0 = Debug|Win32
		{7EBA1D43-5633-45B7-82FF-38287E360DA9}.Debug|x64.ActiveCfg = Debug|x64
		{7EBA1D43-5633-45B7-82FF-38287E360DA9}.Debug|x64.Build.0 = Debug|x64
		{7EBA1D43-5633-45B7-82FF-38287E360DA9}.Release|Win32.ActiveCfg = Release|Win32
		{7EBA1D43-5633-45B7-82FF-38287E360DA9}.Release|Win32.Build.0 = Release|Win32
		{7EBA1D43-5633-45B7-82FF-38287E360DA9}.Release|x64.ActiveCfg = Release|x64
		{7EBA1D43-5633-45B7-82FF-38287E360DA9}.Release|x64.Build.0 = Release|x64
		{916BA27D-20BE-498E-8503-EF1466C52323}.Debug|Win32.ActiveCfg = Debug|Win32
		{916BA27D-20BE-498E-8503-EF1466C52323}.Debug|Win32.Build.0 = Debug|Win32
		{916BA27D-20BE-498E-8503-EF1466C52323}.Debug|x64.ActiveCfg = Debug|x64
		{916BA27D-20BE-498E-8503-EF1466C52323}.Debug|x64.Build.0 = Debug|x64
		{916BA27D-20BE-498E-8503-EF1466C52323}.Release|Win32.ActiveCfg = Release|Win32
		{916BA27D-20BE-498E-8503-EF1466C52323}.Release|Win32.Build.0 = Release|Win32
		{916BA27D-20BE-498E-8503-EF1466C52323}.Release|x64.ActiveCfg = Release|x64
		{916BA27D-20BE-498E-8503-EF1466C52323}.Release|x64.Build.0 = Release|x64
		{E446FA42-70FB-48EE-9369-6AD83E281D7A}.Debug|Win32.ActiveCfg = Debug|Win32
		{E446FA42-70FB-48EE-9369-6AD83E281D7A}.Debug|Win32.Build.0 = Debug|Win32
		{E446FA42-70FB-48EE-9369-6AD83E281D7A}.Debug|x64.ActiveCfg = Debug|x64
		{E446FA42-70FB-48EE-9369-6AD83E281D7A}.Debug|x64.Build.0 = Debug|x64
		{E446FA42-70FB-48EE-9369-6AD83E281D7A}.Release|Win32.ActiveCfg = Release|Win32
		{E446FA42-70FB-48EE-9369-6AD83E281D7A}.Release|Win32.Build.0 = Release|Win32
		{E446FA42-70FB-48EE-9369-6AD83E281D7A}.Release|x64.ActiveCfg = Release|x64
		{E446FA42-70FB-48EE-9369-6AD83E281D7A}.Release|x64.Build.0 = Release|x64
		{83FDEED4-B974-40BB-9A03-3D0982308A5C}.Debug|Win32.ActiveCfg = Debug|Win32
		{83FDEED4-B974-40BB-9A03-3D0982308A5C}.Debug|Win32.Build.0 = Debug|Win32
		{83FDEED4-B974-40BB-9A03-3D0982308A5C}.Debug|x64.ActiveCfg = Debug|x64
		{83FDEED4-B974-40BB-9A03-3D0982308A5C}.Debug|x64.Build.0 = Debug|x64
		{83FDEED4-B974-40BB-9A03-3D0982308A5C}.Release|Win32.ActiveCfg = Release|Win32
		{83FDEED4-B974-40BB-9A03-3D0982308A5C}.Release|Win32.Build.0 = Release|Win32
		{83FDEED4-B974-40BB-9A03-3D0982308A5C}.Release|x64.ActiveCfg = Release|x64
		{83FDEED4-B974-40BB-9A03-3D0982308A5C}.Release|x64.Build.0 = Release|x64
		{38E42305-04D4-4214-AA78-FE2FD4D815DF}.Debug|Win32.ActiveCfg = Debug|Win32
		{38E42305-04D4-4214-AA78-FE2FD4D815DF}.Debug|Win32.Build.0 = Debug|Win32
		{38E42305-04D4-4214-AA78-FE2FD4D815DF}.Debug|x64.ActiveCfg = Debug|x64
		{38E42305-04D4-4214-AA78-FE2FD4D815DF}.Debug|x64.Build.0 = Debug|x64
		{38E42305-04D4-4214-AA78-FE2FD4D815DF}.Release|Win32.ActiveCfg = Release|Win32
		{38E42305-04D4-4214-AA78-FE2FD4D815DF}.Release|Win32.Build.0 = Release|Win32
		{38E42305-04D4-4214-AA78-FE2FD4D815DF}.Release|x64.ActiveCfg = Release|x64
		{38E42305-04D4-4214-AA78-FE2FD4D815DF}.Release|x64.Build.0 = Release|x64
		{5CBA9AA3-3719-418F-B584-810230D2528D}.Debug|Win32.ActiveCfg = Debug|Win32
		{5CBA9AA3-3719-418F-B584-810230D2528D}.Debug|Win32.Build.0 = Debug|Win32
		{5CBA9AA3-3719-418F-B584-810230D2528D}.Debug|x64.ActiveCfg = Debug|x64
		{5CBA9AA3-3719-418F-B584-810230D2528D}.Debug|x64.Build.0 = Debug|x64
		{5CBA9AA3-3719-418F-B584-810230D2528D}.Release|Win32.ActiveCfg = Release|Win32
		{5CBA9AA3-3719-418F-B584-810230D2528D}.Release|Win32.Build.0 = Release|Win32
		{5CBA9AA3-3719-418F-B584-810230D2528D}.Release|x64.ActiveCfg = Release|x64
		{5CBA9AA3-3719-418F-B584-810230D2528D}.Release|x64.Build.0 = Release|x64
		{B61ED8E5-D04A-4E90-9C44-863E20A33E6B}.Debug|Win32.ActiveCfg = Debug|Win32
		{B61ED8E5-D04A-4E90-9C44-863E20A33E6B}.Debug|Win32.Build.0 = Debug|Win32
		{B61ED8E5-D04A-4E90-9C44-863E20A33E6B}.Debug|x64.ActiveCfg = Debug|x64
		{B61ED8E5-D04A-4E90-9C44-863E20A33E6B}.Debug|x64.Build.0 = Debug|x64
		{B61ED8E5-D04A-4E90-9C44-863E20A33E6B}.Release|Win32.ActiveCfg = Release|Win32
		{B61ED8E5-D04A-4E90-9C44-863E20A33E6B}.Release|Win32.Build.0 = Release|Win32
		{B61ED8E5-D04A-4E90-9C44-863E20A33E6B}.Release|x64.ActiveCfg = Release|x64
		{B61ED8E5-D04A-4E90-9C44-863E20A33E6B}.Release|x64.Build.0 = Release|x64
		{A0AE1EDB-4706-4C69-963F-F570B9F4DB2E}.Debug|Win32.ActiveCfg = Debug|Win32
		{A0AE1EDB-4706-4C69-963F-F570B9F4DB2E}.Debug|Win32.Build.0 = Debug|Win32
		{A0AE1EDB-4706-4C69-963F-F570B9F4DB2E}.Debug|x64.ActiveCfg = Debug|x64
		{A0AE1EDB-4706-4C69-963F-F570B9F4DB2E}.Debug|x64.Build.0 = Debug|x64
		{A0AE1EDB-4706-4C69-963F-F570B9F4DB2E}.Release|Win32.ActiveCfg = Release|Win32
		{A0AE1EDB-4706-4C69-963F-F570B9F4DB2E}.Release|Win32.Build.0 = Release|Win32
		{A0AE1EDB-4706-4C69-963F-F570B9F4DB2E}.Release|x64.ActiveCfg = Release|x64
		{A0AE1EDB-4706-4C69-963F-F570B9F4DB2E}.Release|x64.Build.0 = Release|x64
		{80345081-E713-459C-A481-BA9E92B86630}.Debug|Win32.ActiveCfg = Debug|Win32
		{80345081-E713-459C-A481-BA9E92B86630}.Debug|Win32.Build.0 = Debug|Win32
		{80345081-E713-459C-A481-BA9E92B86630}.Debug|x64.ActiveCfg = Debug|x64
		{80345081-E713-459C-A481-BA9E92B86630}.Debug|x64.Build.0 = Debug|x64
		{80345081-E713-459C-A481-BA9E92B86630}.Release|Win32.ActiveCfg = Release|Win32
		{80345081-E713-459C-A481-BA9E92B86630}.Release|Win32.Build.0 = Release|Win32
		{80345081-E713-459C-A481-BA9E92B86630}.Release|x64.ActiveCfg = Release|x64
		{80345081-E713-459C-A481-BA9E92B86630}.Release|x64.Build.0 = Release|x64
		{48DA214F-E18A-44EE-835D-88CB94731BA8}.Debug|Win32.ActiveCfg = Debug|Win32
		{48DA214F-E18A-44EE-835D-88CB94731BA8}.Debug|Win32.Build.0 = Debug|Win32
		{48DA214F-E18A-44EE-835D-88CB94731BA8}.Debug|x64.ActiveCfg = Debug|x64
		{48DA214F-E18A-44EE-835D-88CB94731BA8}.Debug|x64.Build.0 = Debug|x64
		{48DA214F-E18A-44EE-835D-88CB94731BA8}.Release|Win32.ActiveCfg = Release|Win32
		{48DA214F-E18A-44EE-835D-88CB94731BA8}.Release|Win32.Build.0 = Release|Win32
		{48DA214F-E18A-44EE-835D-88CB94731BA8}.Release|x64.ActiveCfg = Release|x64
		{48DA214F-E18A-44EE-835D-88CB94731BA8}.Release|x64.Build.0 = Release|x64
		{1AE8FCD6-20ED-4210-87AF-D880B822C748}.Debug|Win32.ActiveCfg = Debug|Win32
		{1AE8FCD6-20ED-4210-87AF-D880B822C748}.Debug|Win32.Build.0 = Debug|Win32
		{1AE8FCD6-20ED-4210-87AF-D880B822C748}.Debug|x64.ActiveCfg = Debug|x64
		{1AE8FCD6-20ED-4210-87AF-D880B822C748}.Debug|x64.Build.0 = Debug|x64
		{1AE8FCD6-20ED-4210-87AF-D880B822C748}.Release|Win32.ActiveCfg = Release|Win32
		{1AE8FCD6-20ED-4210-87AF-D880B822C748}.Release|Win32.Build.0 = Release|Win32
		{1AE8FCD6-20ED-4210-87AF-D880B822C748}.Release|x64.ActiveCfg = Release|x64
		{1AE8FCD6-20ED-4210-87AF-D880B822C748}.Release|x64.Build.0 = Release|x64
		{1D2729A4-0A10-4759-B24C-EA78C3136849}.Debug|Win32.ActiveCfg = Debug|Win32
		{1D2729A4-0A10-4759-B24C-EA78C3136849}.Debug|Win32.Build.0 = Debug|Win32
		{1D2729A4-0A10-4759-B24C-EA78C3136849}.Debug|x64.ActiveCfg = Debug|x64
		{1D2729A4-0A10-4759-B24C-EA78C3136849}.Debug|x64.Build.0 = Debug|x64
		{1D2729A4-0A10-4759-B24C-EA78C3136849}.Release|Win32.ActiveCfg = Release|Win32
		{1D2729A4-0A10-4759-B24C-EA78C3136849}.Release|Win32.Build.0 = Release|Win32
		{1D2729A4-0A10-4759-B24C-EA78C3136849}.Release|x64.ActiveCfg = Release|x64
		{1D2729A4-0A10-4759-B24C-EA78C3136849}.Release|x64.Build.0 = Release|x64
		{146EB649-BA4F-4F3C-8C1B-CF5B4B2F8DA3}.Debug|Win32.ActiveCfg = Debug|Win32
		{146EB649-BA4F-4F3C-8C1B-CF5B4B2F8DA3}.Debug|Win32.Build.0 = Debug|Win32
		{146EB649-BA4F-4F3C-8C1B-CF5B4B2F8DA3}.Debug|x64.ActiveCfg = Debug|x64
		{146EB649-BA4F-4F3C-8C1B-CF5B4B2F8DA3}.Debug|x64.Build.0 = Debug|x64
		{146EB649-BA4F-4F3C-8C1B-CF5B4B2F8DA3}.Release|Win32.ActiveCfg = Release|Win32
		{146EB649-BA4F-4F3C-8C1B-CF5B4B2F8DA3}.Release|Win32.Build.0 = Release|Win32
		{146EB649-BA4F-4F3C-8C1B-CF5B4B2F8DA3}.Release|x64.ActiveCfg = Release|x64
		{146EB649-BA4F-4F3C-8C1B-CF5B4B2F8DA3}.Release|x64.Build.0 = Release|x64
		{44BE4583-B85C-4066-9EC5-3B1B3AD5BDCA}.Debug|Win32.ActiveCfg = Debug|Win32
		{44BE4583-B85C-4066-9EC5-3B1B3AD5BDCA}.Debug|Win32.Build.0 = Debug|Win32
		{44BE4583-B85C-4066-9EC5-3B1B3AD5BDCA}.Debug|x64.ActiveCfg = Debug|x64
		{44BE4583-B85C-4066-9EC5-3B1B3AD5BDCA}.Debug|x64.Build.0 = Debug|x64
		{44BE4583-B85C-4066-9EC5-3B1B3AD5BDCA}.Release|Win32.ActiveCfg = Release|Win32
		{44BE4583-B85C-4066-9EC5-3B1B3AD5BDCA}.Release|Win32.Build.0 = Release|Win32
		{44BE4583-B85C-4066-9EC5-3B1B3AD5BDCA}.Release|x64.ActiveCfg = Release|x64
		{44BE4583-B85C-4066-9EC5-3B1B3AD5BDCA}.Release|x64.Build.0 = Release|x64
		{CB888B2C-7A72-4F15-ABC3-803772B5FA0E}.Debug|Win32.ActiveCfg = Debug|Win32
		{CB888B2C-7A72-4F15-ABC3-803772B5FA0E}.Debug|Win32.Build.0 = Debug|Win32
		{CB888B2C-7A72-4F15-ABC3-803772B5FA0E}.Debug|x64.ActiveCfg = Debug|x64
		{CB888B2C-7A72-4F15-ABC3-803772B5FA0E}.Debug|x64.Build.0 = Debug|x64
		{CB888B2C-7A72-4F15-ABC3-803772B5FA0E}.Release|Win32.ActiveCfg = Release|Win32
		{CB888B2C-7A72-4F15-ABC3-803772B5FA0E}.Release|Win32.Build.0 = Release|Win32
		{CB888B2C-7A72-4F15-ABC3-803772B5FA0E}.Release|x64.ActiveCfg = Release|x64
		{CB888B2C-7A72-4F15-ABC3-803772B5FA0E}.Release|x64.Build.0 = Release|x64
		{6B4FEA82-D96E-4BA6-9F35-58E370D4D9C7}.Debug|Win32.ActiveCfg = Debug|Win32
		{6B4FEA82-D96E-4BA6-9F35-58E370D4D9C7}.Debug|Win32.Build.0 = Debug|Win32
		{6B4FEA82-D96E-4BA6-9F35-58E370D4D9C7}.Debug|x64.ActiveCfg = Debug|x64
		{6B4FEA82-D96E-4BA6-9F35-58E370D4D9C7}.Debug|x64.Build.0 = Debug|x64
		{6B4FEA82-D96E-4BA6-9F35-58E370D4D9C7}.Release|Win32.ActiveCfg = Release|Win32
		{6B4FEA82-D96E-4BA6-9F35-58E370D4D9C7}.Release|Win32.Build.0 = Release|Win32
		{6B4FEA82-D96E-4BA6-9F35-58E370D4D9C7}.Release|x64.ActiveCfg = Release|x64
		{6B4FEA82-D96E-4BA6-9F35-58E370D4D9C7}.Release|x64.Build.0 = Release|x64
		{C0DC729B-59D6-4195-AAFD-D5AFAC1C4568}.Debug|Win32.ActiveCfg = Debug|Win32
		{C0DC729B-59D6-4195-AAFD-D5AFAC1C4568}.Debug|Win32.Build.0 = Debug|Win32
		{C0DC729B-59D6-4195-AAFD-D5AFAC1C4568}.Debug|x64.ActiveCfg = Debug|x64
		{C0DC729B-59D6-4195-AAFD-D5AFAC1C4568}.Debug|x64.Build.0 = Debug|x64
		{C0DC729B-59D6-4195-AAFD-D5AFAC1C4568}.Release|Win32.ActiveCfg = Release|Win32
		{C0DC729B-59D6-4195-AAFD-D5AFAC1C4568}.Release|Win32.Build.0 = Release|Win32
		{C0DC729B-59D6-4195-AAFD-D5AFAC1C4568}.Release|x64.ActiveCfg = Release|x64
		{C0DC729B-59D6-4195-AAFD-D5AFAC1C4568}.Release|x64.Build.0 = Release|x64
		{1AD10883-3DDF-4B25-8B87-09D284BA3A3B}.Debug|Win32.ActiveCfg = Debug|Win32
		{1AD10883-3DDF-4B25-8B87-09D284BA3A3B}.Debug|Win32.Build.0 = Debug|Win32
		{1AD10883-3DDF-4B25-8B87-09D284BA3A3B}.Debug|x64.ActiveCfg = Debug|x64
		{1AD10883-3DDF-4B25-8B87-09D284BA3A3B}.Debug|x64.Build.0 = Debug|x64
		{1AD10883-3DDF-4B25-8B87-09D284BA3A3B}.Release|Win32.ActiveCfg = Release|Win32
		{1AD10883-3DDF-4B25-8B87-09D284BA3A3B}.Release|Win32.Build.0 = Release|Win32
		{1AD10883-3DDF-4B25-8B87-09D284BA3A3B}.Release|x64.ActiveCfg = Release|x64
		{1AD10883-3DDF-4B25-8B87-09D284BA3A3B}.Release|x64.Build.0 = Release|x64
		{28FA9F87-03AB-40E3-B5D9-B901B75796F2}.Debug|Win32.ActiveCfg = Debug|Win32
		{28FA9F87-03AB-40E3-B5D9-B901B75796F2}.Debug|Win32.Build.0 = Debug|Win32
		{28FA9F87-03AB-40E3-B5D9-B901B75796F2}.Debug|x64.ActiveCfg = Debug|x64
		{28FA9F87-03AB-40E3-B5D9-B901B75796F2}.Debug|x64.Build.0 = Debug|x64
		{28FA9F87-03AB-40E3-B5D9-B901B75796F2}.Release|Win32.ActiveCfg = Release|Win32
		{28FA9F87-03AB-40E3-B5D9-B901B75796F2}.Release|Win32.Build.0 = Release|Win32
		{28FA9F87-03AB-40E3-B5D9-B901B75796F2}.Release|x64.ActiveCfg = Release|x64
		{28FA9F87-03AB-40E3-B5D9-B901B75796F2}.Release|x64.Build.0 = Release|x64
		{79355144-017F-4BA3-8636-C630D33B41B5}.Debug|Win32.ActiveCfg = Debug|Win32
		{79355144-017F-4BA3-8636-C630D33B41B5}.Debug|Win32.Build.0 = Debug|Win32
		{79355144-017F-4BA3-8636-C630D33B41B5}.Debug|x64.ActiveCfg = Debug|x64
		{79355144-017F-4BA3-8636-C630D33B41B5}.Debug|x64.Build.0 = Debug|x64
		{79355144-017F-4BA3-8636-C630D33B41B5}.Release|Win32.ActiveCfg = Release|Win32
		{79355144-017F-4BA3-8636-C630D33B41B5}.Release|Win32.Build.0 = Release|Win32
		{79355144-017F-4BA3-8636-C630D33B41B5}.Release|x64.ActiveCfg = Release|x64
		{79355144-017F-4BA3-8636-C630D33B41B5}.Release|x64.Build.0 = Release|x64
		{77B10EE4-5A7E-48F9-A89E-BCAA997C7FA4}.Debug|Win32.ActiveCfg = Debug|Win32
		{77B10EE4-5A7E-48F9-A89E-BCAA997C7FA4}.Debug|Win32.Build.0 = Debug|Win32
		{77B10EE4-5A7E-48F9-A89E-BCAA997C7FA4}.Debug|x64.ActiveCfg = Debug|x64
		{77B10EE4-5A7E-48F9-A89E-BCAA997C7FA4}.Debug|x64.Build.0 = Debug|x64
		{77B10EE4-5A7E-48F9-A89E-BCAA997C7FA4}.Release|Win32.ActiveCfg = Release|Win32
		{77B10EE4-5A7E-48F9-A89E-BCAA997C7FA4}.Release|Win32.Build.0 = Release|Win32
		{77B10EE4-5A7E-48F9-A89E-BCAA997C7FA4}.Release|x64.ActiveCfg = Release|x64
		{77B10EE4-5A7E-48F9-A89E-BCAA997C7FA4}.Release|x64.Build.0 = Release|x64
		{F0922A5A-2564-43AA-85C5-93340962BC7F}.Debug|Win32.ActiveCfg = Debug|Win32
		{F0922A5A-2564-43AA-85C5-93340962BC7F}.Debug|Win32.Build.0 = Debug|Win32
		{F0922A5A-2564-43AA-85C5-93340962BC7F}.Debug|x64.ActiveCfg = Debug|x64
		{F0922A5A-2564-43AA-85C5-93340962BC7F}.Debug|x64.Build.0 = Debug|x64
		{F0922A5A-2564-43AA-85C5-93340962BC7F}.Release|Win32.ActiveCfg = Release|Win32
		{F0922A5A-2564-43AA-85C5-93340962BC7F}.Release|Win32.Build.0 = Release|Win32
		{F0922A5A-2564-43AA-85C5-93340962BC7F}.Release|x64.ActiveCfg = Release|x64
		{F0922A5A-2564-43AA-85C5-93340962BC7F}.Release|x64.Build.0 = Release|x64
		{E6F6B61B-3A2F-4606-AC52-85E2B1BA2D27}.Debug|Win32.ActiveCfg = Debug|Win32
		{E6F6B61B-3A2F-4606-AC52-85E2B1BA2D27}.Debug|Win32.Build.0 = Debug|Win32
		{E6F6B61B-3A2F-4606-AC52-85E2B1BA2D27}.Debug|x64.ActiveCfg = Debug|x64
		{E6F6B61B-3A2F-4606-AC52-85E2B1BA2D27}.Debug|x64.Build.0 = Debug|x64
		{E6F6B61B-3A2F-4606-AC52-85E2B1BA2D27}.Release|Win32.ActiveCfg = Release|Win32
		{E6F6B61B-3A2F-4606-AC52-85E2B1BA2D27}.Release|Win32.Build.0 = Release|Win32
		{E6F6B61B-3A2F-4606-AC52-85E2B1BA2D27}.Release|x64.ActiveCfg = Release|x64
		{E6F6B61B-3A2F-4606-AC52-85E2B1BA2D27}.Release|x64.Build.0 = Release|x64
		{7F6701B4-B6CB-4354-8A63-6D6B8C5AA331}.Debug|Win32.ActiveCfg = Debug|Win32
		{7F6701B4-B6CB-4354-8A63-6D6B8C5AA331}.Debug|Win32.Build.0 = Debug|Win32
		{7F6701B4-B6CB-4354-8A63-6D6B8C5AA331}.Debug|x64.ActiveCfg = Debug|x64
		{7F6701B4-B6CB-4354-8A63-6D6B8C5AA331}.Debug|x64.Build.0 = Debug|x64
		{7F6701B4-B6CB-4354-8A63-6D6B8C5AA331}.Release|Win32.ActiveCfg = Release|Win32
		{7F6701B4-B6CB-4354-8A63-6D6B8C5AA331}.Release|Win32.Build.0 = Release|Win32
		{7F6701B4-B6CB-4354-8A63-6D6B8C5AA331}.Release|x64.ActiveCfg = Release|x64
		{7F6701B4-B6CB-4354-8A63-6D6B8C5AA331}.Release|x64.Build.0 = Release|x64
		{33D8FD70-EF29-4821-A886-E744B44DB3DE}.Debug|Win32.ActiveCfg = Debug|Win32
		{33D8FD70-EF29-4821-A886-E744B44DB3DE}.Debug|Win32.Build.0 = Debug|Win32
		{33D8FD70-EF29-4821-A886-E744B44DB3DE}.Debug|x64.ActiveCfg = Debug|x64
		{33D8FD70-EF29-4821-A886-E744B44DB3DE}.Debug|x64.Build.0 = Debug|x64
		{33D8FD70-EF29-4821-A886-E744B44DB3DE}.Release|Win32.ActiveCfg = Release|Win32
		{33D8FD70-EF29-4821-A886-E744B44DB3DE}.Release|Win32.Build.0 = Release|Win32
		{33D8FD70-EF29-4821-A886-E744B44DB3DE}.Release|x64.ActiveCfg = Release|x64
		{33D8FD70-EF29-4821-A886-E744B44DB3DE}.Release|x64.Build.0 = Release|x64
		{18895A25-57D5-462D-AF63-78C304BA9A45}.Debug|Win32.ActiveCfg = Debug|Win32
		{18895A25-57D5-462D-AF63-78C304BA9A45}.Debug|Win32.Build.0 = Debug|Win32
		{18895A25-57D5-462D-AF63-78C304BA9A45}.Debug|x64.ActiveCfg = Debug|x64
		{18895A25-57D5-462D-AF63-78C304BA9A45}.Debug|x64.Build.0 = Debug|x64
		{18895A25-57D5-462D-AF63-78C304BA9A45}.Release|Win32.ActiveCfg = Release|Win32
		{18895A25-57D5-462D-AF63-78C304BA9A45}.Release|Win32.Build.0 = Release|Win32
		{18895A25-57D5-462D-AF63-78C304BA9A45}.Release|x64.ActiveCfg = Release|x64
		{18895A25-57D5-462D-AF63-78C304BA9A45}.Release|x64.Build.0 = Release|x64
		{8FCA570C-EE80-4125-9250-C3C1A463E4A6}.Debug|Win32.ActiveCfg = Debug|Win32
		{8FCA570C-EE80-4125-9250-C3C1A463E4A6}.Debug|Win32.Build.0 = Debug|Win32
		{8FCA570C-EE80-4125-9250-C3C1A463E4A6}.Debug|x64.ActiveCfg = Debug|x64
		{8FCA570C-EE80-4125-9250-C3C1A463E4A6}.Debug|x64.Build.0 = Debug|x64
		{8FCA570C-EE80-4125-9250-C3C1A463E4A6}.Release|Win32.ActiveCfg = Release|Win32
		{8FCA570C-EE80-4125-9250-C3C1A463E4A6}.Release|Win32.Build.0 = Release|Win32
		{8FCA570C-EE80-4125-9250-C3C1A463E4A6}.Release|x64.ActiveCfg = Release|x64
		{8FCA570C-EE80-4125-9250-C3C1A463E4A6}.Release|x64.Build.0 = Release|x64
		{02D2C630-61A8-4028-B332-178C165999C7}.Debug|Win32.ActiveCfg = Debug|Win32
		{02D2C630-61A8-4028-B332-178C165999C7}.Debug|Win32.Build.0 = Debug|Win32
		{02D2C630-61A8-4028-B332-178C165999C7}.Debug|x64.ActiveCfg = Debug|x64
		{02D2C630-61A8-4028-B332-178C165999C7}.Debug|x64.Build.0 = Debug|x64
		{02D2C630-61A8-4028-B332-178C165999C7}.Release|Win32.ActiveCfg = Release|Win32
		{02D2C630-61A8-4028-B332-178C165999C7}.Release|Win32.Build.0 = Release|Win32
		{02D2C630-61A8-4028-B332-178C165999C7}.Release|x64.ActiveCfg = Release|x64
		{02D2C630-61A8-4028-B332-178C165999C7}.Release|x64.Build.0 = Release|x64
		{0CC9776E-76F4-497B-A3BF-6C30FDE0C025}.Debug|Win32.ActiveCfg = Debug|Win32
		{0CC9776E-76F4-497B-A3BF-6C30FDE0C025}.Debug|Win32.Build.0 = Debug|Win32
		{0CC9776E-76F4-497B-A3BF-6C30FDE0C025}.Debug|x64.ActiveCfg = Debug|x64
		{0CC9776E-76F4-497B-A3BF-6C30FDE0C025}.Debug|x64.Build.0 = Debug|x64
		{0CC9776E-76F4-497B-A3BF-6C30FDE0C025}.Release|Win32.ActiveCfg = Release|Win32
		{0CC9776E-76F4-497B-A3BF-6C30FDE0C025}.Release|Win32.Build.0 = Release|Win32
		{0CC9776E-76F4-497B-A3BF-6C30FDE0C025}.Release|x64.ActiveCfg = Release|x64
		{0CC9776E-76F4-497B-A3BF-6C30FDE0C025}.Release|x64.Build.0 = Release|x64
		{5BFD9DF0-A84C-4CE8-A1F5-48678A3A1B62}.Debug|Win32.ActiveCfg = Debug|Win32
		{5BFD9DF0-A84C-4CE8-A1F5-48678A3A1B62}.Debug|Win32.Build.0 = Debug|Win32
		{5BFD9DF0-A84C-4CE8-A1F5-48678A3A1B62}.Debug|x64.ActiveCfg = Debug|x64
		{5BFD9DF0-A84C-4CE8-A1F5-48678A3A1B62}.Debug|x64.Build.0 = Debug|x64
		{5BFD9DF0-A84C-4CE8-A1F5-48678A3A1B62}.Release|Win32.ActiveCfg = Release|Win32
		{5BFD9DF0-A84C-4CE8-A1F5-48678A3A1B62}.Release|Win32.Build.0 = Release|Win32
		{5BFD9DF0-A84C-4CE8-A1F5-48678A3A1B62}.Release|x64.ActiveCfg = Release|x64
		{5BFD9DF0-A84C-4CE8-A1F5-48678A3A1B62}.Release|x64.Build.0 = Release|x64
		{8D281846-424F-4A02-B35C-0B9F9AAE0EA7}.Debug|Win32.ActiveCfg = Debug|Win32
		{8D281846-424F-4A02-B35C-0B9F9AAE0EA7}.Debug|Win32.Build.0 = Debug|Win32
		{8D281846-424F-4A02-B35C-0B9F9AAE0EA7}.Debug|x64.ActiveCfg = Debug|x64
		{8D281846-424F-4A02-B35C-0B9F9AAE0EA7}.Debug|x64.Build.0 = Debug|x64
		{8D281846-424F-4A02-B35C-0B9F9AAE0EA7}.Release|Win32.ActiveCfg = Release|Win32
		{8D281846-424F-4A02-B35C-0B9F9AAE0EA7}.Release|Win32.Build.0 = Release|Win32
		{8D281846-424F-4A02-B35C-0B9F9AAE0EA7}.Release|x64.ActiveCfg = Release|x64
		{8D281846-424F-4A02-B35C-0B9F9AAE0EA7}.Release|x64.Build.0 = Release|x64
		{BF40B08E-216E-46E2-AC28-503E53B7E8A0}.Debug|Win32.ActiveCfg = Debug|Win32
		{BF40B08E-216E-46E2-AC28-503E53B7E8A0}.Debug|Win32.Build.0 = Debug|Win32
		{BF40B08E-216E-46E2-AC28-503E53B7E8A0}.Debug|x64.ActiveCfg = Debug|x64
		{BF40B08E-216E-46E2-AC28-503E53B7E8A0}.Debug|x64.Build.0 = Debug|x64
		{BF40B08E-216E-46E2-AC28-503E53B7E8A0}.Release|Win32.ActiveCfg = Release|Win32
		{BF40B08E-216E-46E2-AC28-503E53B7E8A0}.Release|Win32.Build.0 = Release|Win32
		{BF40B08E-216E-46E2-AC28-503E53B7E8A0}.Release|x64.ActiveCfg = Release|x64
		{BF40B08E-216E-46E2-AC28-503E53B7E8A0}.Release|x64.Build.0 = Release|x64
	EndGlobalSection
	GlobalSection(SolutionProperties) = preSolution
		HideSolutionNode = FALSE
	EndGlobalSection
EndGlobal
